<?xml version="1.0" encoding="utf-8"?>
<Project ToolsVersion="4.0" xmlns="http://schemas.microsoft.com/developer/msbuild/2003">
  <ItemGroup>
    <ClCompile Include="js_engine\js_engine.cpp">
      <Filter>js_engine</Filter>
    </ClCompile>
    <ClCompile Include="js_objects\gdi_graphics.cpp">
      <Filter>js_objects</Filter>
    </ClCompile>
    <ClCompile Include="js_objects\global_object.cpp">
      <Filter>js_objects</Filter>
    </ClCompile>
    <ClCompile Include="js_objects\console.cpp">
      <Filter>js_objects</Filter>
    </ClCompile>
    <ClCompile Include="js_objects\gdi_utils.cpp">
      <Filter>js_objects</Filter>
    </ClCompile>
    <ClCompile Include="js_objects\gdi_font.cpp">
      <Filter>js_objects</Filter>
    </ClCompile>
    <ClCompile Include="js_objects\gdi_bitmap.cpp">
      <Filter>js_objects</Filter>
    </ClCompile>
    <ClCompile Include="js_objects\gdi_raw_bitmap.cpp">
      <Filter>js_objects</Filter>
    </ClCompile>
    <ClCompile Include="js_utils\js_error_helper.cpp">
      <Filter>js_utils</Filter>
    </ClCompile>
    <ClCompile Include="js_utils\js_object_helper.cpp">
      <Filter>js_utils</Filter>
    </ClCompile>
    <ClCompile Include="js_engine\native_to_js_invoker.cpp">
      <Filter>js_engine</Filter>
    </ClCompile>
    <ClCompile Include="js_engine\js_container.cpp">
      <Filter>js_engine</Filter>
    </ClCompile>
    <ClCompile Include="config.cpp">
      <Filter>z_core</Filter>
    </ClCompile>
    <ClCompile Include="host_timer_dispatcher.cpp">
      <Filter>z_core</Filter>
    </ClCompile>
    <ClCompile Include="js_panel_window.cpp">
      <Filter>z_core</Filter>
    </ClCompile>
    <ClCompile Include="js_panel_window_cui.cpp">
      <Filter>z_core</Filter>
    </ClCompile>
    <ClCompile Include="js_panel_window_dui.cpp">
      <Filter>z_core</Filter>
    </ClCompile>
    <ClCompile Include="mainmenu.cpp">
      <Filter>z_core</Filter>
    </ClCompile>
    <ClCompile Include="stdafx.cpp">
      <Filter>z_core</Filter>
    </ClCompile>
    <ClCompile Include="js_objects\fb_metadb_handle.cpp">
      <Filter>js_objects</Filter>
    </ClCompile>
    <ClCompile Include="js_objects\fb_metadb_handle_list.cpp">
      <Filter>js_objects</Filter>
    </ClCompile>
    <ClCompile Include="js_objects\fb_file_info.cpp">
      <Filter>js_objects</Filter>
    </ClCompile>
    <ClCompile Include="js_objects\context_menu_manager.cpp">
      <Filter>js_objects</Filter>
    </ClCompile>
    <ClCompile Include="js_objects\drop_source_action.cpp">
      <Filter>js_objects</Filter>
    </ClCompile>
    <ClCompile Include="js_objects\fb_playback_queue_item.cpp">
      <Filter>js_objects</Filter>
    </ClCompile>
    <ClCompile Include="js_objects\fb_playing_item_location.cpp">
      <Filter>js_objects</Filter>
    </ClCompile>
    <ClCompile Include="js_objects\menu_object.cpp">
      <Filter>js_objects</Filter>
    </ClCompile>
    <ClCompile Include="js_objects\fb_profiler.cpp">
      <Filter>js_objects</Filter>
    </ClCompile>
    <ClCompile Include="js_objects\fb_playlist_manager.cpp">
      <Filter>js_objects</Filter>
    </ClCompile>
    <ClCompile Include="js_objects\main_menu_manager.cpp">
      <Filter>js_objects</Filter>
    </ClCompile>
    <ClCompile Include="js_objects\measure_string_info.cpp">
      <Filter>js_objects</Filter>
    </ClCompile>
    <ClCompile Include="js_objects\fb_ui_selection_holder.cpp">
      <Filter>js_objects</Filter>
    </ClCompile>
    <ClCompile Include="js_objects\fb_tooltip.cpp">
      <Filter>js_objects</Filter>
    </ClCompile>
    <ClCompile Include="js_objects\fb_title_format.cpp">
      <Filter>js_objects</Filter>
    </ClCompile>
    <ClCompile Include="js_objects\theme_manager.cpp">
      <Filter>js_objects</Filter>
    </ClCompile>
    <ClCompile Include="js_objects\utils.cpp">
      <Filter>js_objects</Filter>
    </ClCompile>
    <ClCompile Include="js_objects\fb_utils.cpp">
      <Filter>js_objects</Filter>
    </ClCompile>
    <ClCompile Include="js_objects\window.cpp">
      <Filter>js_objects</Filter>
    </ClCompile>
    <ClCompile Include="js_utils\serialized_value.cpp">
      <Filter>js_utils</Filter>
    </ClCompile>
    <ClCompile Include="js_objects\internal\fb_properties.cpp">
      <Filter>js_objects\internal</Filter>
    </ClCompile>
    <ClCompile Include="js_objects\internal\global_heap_manager.cpp">
      <Filter>js_objects\internal</Filter>
    </ClCompile>
    <ClCompile Include="js_objects\active_x_object.cpp">
      <Filter>js_objects</Filter>
    </ClCompile>
    <ClCompile Include="convert\com.cpp">
      <Filter>convert</Filter>
    </ClCompile>
    <ClCompile Include="convert\native_to_js.cpp">
      <Filter>convert</Filter>
    </ClCompile>
    <ClCompile Include="convert\js_to_native.cpp">
      <Filter>convert</Filter>
    </ClCompile>
    <ClCompile Include="js_objects\fb_window.cpp">
      <Filter>js_objects</Filter>
    </ClCompile>
    <ClCompile Include="js_objects\hacks.cpp">
      <Filter>js_objects</Filter>
    </ClCompile>
    <ClCompile Include="adv_config.cpp">
      <Filter>z_core</Filter>
    </ClCompile>
    <ClCompile Include="js_objects\enumerator.cpp">
      <Filter>js_objects</Filter>
    </ClCompile>
    <ClCompile Include="utils\stackblur.cpp">
      <Filter>utils</Filter>
    </ClCompile>
    <ClCompile Include="utils\kmeans.cpp">
      <Filter>utils</Filter>
    </ClCompile>
    <ClCompile Include="ui\ui_pref.cpp">
      <Filter>ui</Filter>
    </ClCompile>
    <ClCompile Include="ui\ui_property.cpp">
      <Filter>ui</Filter>
    </ClCompile>
    <ClCompile Include="ui\ui_conf.cpp">
      <Filter>ui</Filter>
    </ClCompile>
    <ClCompile Include="ui\ui_input_box.cpp">
      <Filter>ui</Filter>
    </ClCompile>
    <ClCompile Include="ui\ui_name_value_edit.cpp">
      <Filter>ui</Filter>
    </ClCompile>
    <ClCompile Include="stats.cpp">
      <Filter>z_core</Filter>
    </ClCompile>
    <ClCompile Include="heartbeat_window.cpp">
      <Filter>z_core</Filter>
    </ClCompile>
    <ClCompile Include="js_engine\js_gc.cpp">
      <Filter>js_engine</Filter>
    </ClCompile>
    <ClCompile Include="utils\string_helpers.cpp">
      <Filter>utils</Filter>
    </ClCompile>
    <ClCompile Include="acfu_integration.cpp">
      <Filter>z_core</Filter>
    </ClCompile>
    <ClCompile Include="com_objects\host_drop_target.cpp">
      <Filter>com_objects</Filter>
    </ClCompile>
    <ClCompile Include="com_objects\com_tools.cpp">
      <Filter>com_objects</Filter>
    </ClCompile>
    <ClCompile Include="ui\ui_html.cpp">
      <Filter>ui</Filter>
    </ClCompile>
    <ClCompile Include="js_objects\fb_playlist_recycler.cpp">
      <Filter>js_objects</Filter>
    </ClCompile>
    <ClCompile Include="smp_exception.cpp">
      <Filter>z_core</Filter>
    </ClCompile>
    <ClCompile Include="com_objects\drop_source_impl.cpp">
      <Filter>com_objects</Filter>
    </ClCompile>
    <ClCompile Include="com_objects\drop_target_impl.cpp">
      <Filter>com_objects</Filter>
    </ClCompile>
    <ClCompile Include="com_objects\internal\drag_utils.cpp">
      <Filter>com_objects\internal</Filter>
    </ClCompile>
    <ClCompile Include="com_objects\internal\drag_image.cpp">
      <Filter>com_objects\internal</Filter>
    </ClCompile>
    <ClCompile Include="com_objects\host_external.cpp">
      <Filter>com_objects</Filter>
    </ClCompile>
    <ClCompile Include="utils\file_helpers.cpp">
      <Filter>utils</Filter>
    </ClCompile>
    <ClCompile Include="utils\gdi_error_helpers.cpp">
      <Filter>utils</Filter>
    </ClCompile>
    <ClCompile Include="utils\gdi_helpers.cpp">
      <Filter>utils</Filter>
    </ClCompile>
    <ClCompile Include="utils\image_helpers.cpp">
      <Filter>utils</Filter>
    </ClCompile>
    <ClCompile Include="utils\winapi_error_helpers.cpp">
      <Filter>utils</Filter>
    </ClCompile>
    <ClCompile Include="utils\art_helpers.cpp">
      <Filter>utils</Filter>
    </ClCompile>
    <ClCompile Include="utils\com_error_helpers.cpp">
      <Filter>utils</Filter>
    </ClCompile>
    <ClCompile Include="fb2k_callbacks.cpp">
      <Filter>z_core</Filter>
    </ClCompile>
    <ClCompile Include="message_manager.cpp">
      <Filter>z_core</Filter>
    </ClCompile>
    <ClCompile Include="js_utils\js_art_helpers.cpp">
      <Filter>js_utils</Filter>
    </ClCompile>
    <ClCompile Include="js_utils\js_image_helpers.cpp">
      <Filter>js_utils</Filter>
    </ClCompile>
    <ClCompile Include="utils\thread_pool.cpp">
      <Filter>utils</Filter>
    </ClCompile>
    <ClCompile Include="message_blocking_scope.cpp">
      <Filter>z_core</Filter>
    </ClCompile>
    <ClCompile Include="abort_callback.cpp">
      <Filter>z_core</Filter>
    </ClCompile>
    <ClCompile Include="com_message_scope.cpp">
      <Filter>z_core</Filter>
    </ClCompile>
    <ClCompile Include="utils\semantic_version.cpp">
      <Filter>utils</Filter>
    </ClCompile>
    <ClCompile Include="utils\menu_helpers.cpp">
      <Filter>utils</Filter>
    </ClCompile>
    <ClCompile Include="utils\text_helpers.cpp">
      <Filter>utils</Filter>
    </ClCompile>
    <ClCompile Include="component_paths.cpp">
      <Filter>z_core</Filter>
    </ClCompile>
    <ClCompile Include="utils\location_processor.cpp">
      <Filter>utils</Filter>
    </ClCompile>
    <ClCompile Include="js_engine\js_internal_global.cpp">
      <Filter>js_engine</Filter>
    </ClCompile>
    <ClCompile Include="config_legacy.cpp">
      <Filter>z_core</Filter>
    </ClCompile>
    <ClCompile Include="js_engine\js_monitor.cpp">
      <Filter>js_engine</Filter>
    </ClCompile>
    <ClCompile Include="utils\thread_helpers.cpp">
      <Filter>utils</Filter>
    </ClCompile>
    <ClCompile Include="ui\ui_slow_script.cpp">
      <Filter>ui</Filter>
    </ClCompile>
    <ClCompile Include="dllmain.cpp">
      <Filter>z_core</Filter>
    </ClCompile>
    <ClCompile Include="utils\delayed_executor.cpp">
      <Filter>utils</Filter>
    </ClCompile>
    <ClCompile Include="utils\error_popup.cpp">
      <Filter>utils</Filter>
    </ClCompile>
    <ClCompile Include="utils\pfc_helpers_stream.cpp">
      <Filter>utils</Filter>
    </ClCompile>
    <ClCompile Include="utils\unicode.cpp">
      <Filter>utils</Filter>
    </ClCompile>
    <ClCompile Include="utils\hook_handler.cpp">
      <Filter>utils</Filter>
    </ClCompile>
    <ClCompile Include="ui\scintilla\ui_sci_find_replace.cpp">
      <Filter>ui\scintilla</Filter>
    </ClCompile>
    <ClCompile Include="ui\scintilla\sci_prop_sets.cpp">
      <Filter>ui\scintilla</Filter>
    </ClCompile>
    <ClCompile Include="ui\scintilla\ui_sci_editor.cpp">
      <Filter>ui\scintilla</Filter>
    </ClCompile>
    <ClCompile Include="ui\scintilla\ui_sci_goto.cpp">
      <Filter>ui\scintilla</Filter>
    </ClCompile>
    <ClCompile Include="utils\stacktrace.cpp">
      <Filter>utils</Filter>
    </ClCompile>
    <ClCompile Include="js_engine\js_realm_inner.cpp">
      <Filter>js_engine</Filter>
    </ClCompile>
  </ItemGroup>
  <ItemGroup>
    <ClInclude Include="js_engine\js_engine.h">
      <Filter>js_engine</Filter>
    </ClInclude>
    <ClInclude Include="js_objects\gdi_graphics.h">
      <Filter>js_objects</Filter>
    </ClInclude>
    <ClInclude Include="js_objects\global_object.h">
      <Filter>js_objects</Filter>
    </ClInclude>
    <ClInclude Include="js_objects\console.h">
      <Filter>js_objects</Filter>
    </ClInclude>
    <ClInclude Include="js_objects\gdi_utils.h">
      <Filter>js_objects</Filter>
    </ClInclude>
    <ClInclude Include="js_objects\gdi_font.h">
      <Filter>js_objects</Filter>
    </ClInclude>
    <ClInclude Include="js_objects\gdi_bitmap.h">
      <Filter>js_objects</Filter>
    </ClInclude>
    <ClInclude Include="js_objects\gdi_raw_bitmap.h">
      <Filter>js_objects</Filter>
    </ClInclude>
    <ClInclude Include="js_utils\js_error_helper.h">
      <Filter>js_utils</Filter>
    </ClInclude>
    <ClInclude Include="js_utils\js_object_helper.h">
      <Filter>js_utils</Filter>
    </ClInclude>
    <ClInclude Include="js_engine\js_to_native_invoker.h">
      <Filter>js_engine</Filter>
    </ClInclude>
    <ClInclude Include="js_engine\native_to_js_invoker.h">
      <Filter>js_engine</Filter>
    </ClInclude>
    <ClInclude Include="js_engine\js_container.h">
      <Filter>js_engine</Filter>
    </ClInclude>
    <ClInclude Include="component_defines.h">
      <Filter>z_core</Filter>
    </ClInclude>
    <ClInclude Include="config.h">
      <Filter>z_core</Filter>
    </ClInclude>
    <ClInclude Include="host_timer_dispatcher.h">
      <Filter>z_core</Filter>
    </ClInclude>
    <ClInclude Include="js_panel_window.h">
      <Filter>z_core</Filter>
    </ClInclude>
    <ClInclude Include="js_panel_window_cui.h">
      <Filter>z_core</Filter>
    </ClInclude>
    <ClInclude Include="js_panel_window_dui.h">
      <Filter>z_core</Filter>
    </ClInclude>
    <ClInclude Include="stdafx.h">
      <Filter>z_core</Filter>
    </ClInclude>
    <ClInclude Include="user_message.h">
      <Filter>z_core</Filter>
    </ClInclude>
    <ClInclude Include="js_objects\fb_metadb_handle.h">
      <Filter>js_objects</Filter>
    </ClInclude>
    <ClInclude Include="js_objects\fb_metadb_handle_list.h">
      <Filter>js_objects</Filter>
    </ClInclude>
    <ClInclude Include="js_objects\fb_file_info.h">
      <Filter>js_objects</Filter>
    </ClInclude>
    <ClInclude Include="js_objects\menu_object.h">
      <Filter>js_objects</Filter>
    </ClInclude>
    <ClInclude Include="js_objects\theme_manager.h">
      <Filter>js_objects</Filter>
    </ClInclude>
    <ClInclude Include="js_objects\utils.h">
      <Filter>js_objects</Filter>
    </ClInclude>
    <ClInclude Include="js_objects\window.h">
      <Filter>js_objects</Filter>
    </ClInclude>
    <ClInclude Include="js_objects\context_menu_manager.h">
      <Filter>js_objects</Filter>
    </ClInclude>
    <ClInclude Include="js_objects\drop_source_action.h">
      <Filter>js_objects</Filter>
    </ClInclude>
    <ClInclude Include="js_objects\fb_playback_queue_item.h">
      <Filter>js_objects</Filter>
    </ClInclude>
    <ClInclude Include="js_objects\fb_playing_item_location.h">
      <Filter>js_objects</Filter>
    </ClInclude>
    <ClInclude Include="js_objects\fb_playlist_manager.h">
      <Filter>js_objects</Filter>
    </ClInclude>
    <ClInclude Include="js_objects\fb_profiler.h">
      <Filter>js_objects</Filter>
    </ClInclude>
    <ClInclude Include="js_objects\fb_title_format.h">
      <Filter>js_objects</Filter>
    </ClInclude>
    <ClInclude Include="js_objects\fb_tooltip.h">
      <Filter>js_objects</Filter>
    </ClInclude>
    <ClInclude Include="js_objects\fb_ui_selection_holder.h">
      <Filter>js_objects</Filter>
    </ClInclude>
    <ClInclude Include="js_objects\fb_utils.h">
      <Filter>js_objects</Filter>
    </ClInclude>
    <ClInclude Include="js_objects\hacks.h">
      <Filter>js_objects</Filter>
    </ClInclude>
    <ClInclude Include="js_objects\main_menu_manager.h">
      <Filter>js_objects</Filter>
    </ClInclude>
    <ClInclude Include="js_objects\measure_string_info.h">
      <Filter>js_objects</Filter>
    </ClInclude>
    <ClInclude Include="js_utils\scope_helper.h">
      <Filter>js_utils</Filter>
    </ClInclude>
    <ClInclude Include="js_utils\serialized_value.h">
      <Filter>js_utils</Filter>
    </ClInclude>
    <ClInclude Include="js_objects\object_base.h">
      <Filter>js_objects</Filter>
    </ClInclude>
    <ClInclude Include="js_objects\internal\fb_properties.h">
      <Filter>js_objects\internal</Filter>
    </ClInclude>
    <ClInclude Include="js_objects\internal\global_heap_manager.h">
      <Filter>js_objects\internal</Filter>
    </ClInclude>
    <ClInclude Include="js_utils\js_prototype_helpers.h">
      <Filter>js_utils</Filter>
    </ClInclude>
    <ClInclude Include="js_objects\internal\prototype_ids.h">
      <Filter>js_objects\internal</Filter>
    </ClInclude>
    <ClInclude Include="js_objects\active_x_object.h">
      <Filter>js_objects</Filter>
    </ClInclude>
    <ClInclude Include="convert\com.h">
      <Filter>convert</Filter>
    </ClInclude>
    <ClInclude Include="convert\native_to_js.h">
      <Filter>convert</Filter>
    </ClInclude>
    <ClInclude Include="convert\js_to_native.h">
      <Filter>convert</Filter>
    </ClInclude>
    <ClInclude Include="resource.h">
      <Filter>z_core\resources</Filter>
    </ClInclude>
    <ClInclude Include="js_objects\fb_window.h">
      <Filter>js_objects</Filter>
    </ClInclude>
    <ClInclude Include="adv_config.h">
      <Filter>z_core</Filter>
    </ClInclude>
    <ClInclude Include="js_objects\enumerator.h">
      <Filter>js_objects</Filter>
    </ClInclude>
    <ClInclude Include="utils\kmeans.h">
      <Filter>utils</Filter>
    </ClInclude>
    <ClInclude Include="utils\stackblur.h">
      <Filter>utils</Filter>
    </ClInclude>
    <ClInclude Include="ui\ui_name_value_edit.h">
      <Filter>ui</Filter>
    </ClInclude>
    <ClInclude Include="ui\ui_pref.h">
      <Filter>ui</Filter>
    </ClInclude>
    <ClInclude Include="ui\ui_property.h">
      <Filter>ui</Filter>
    </ClInclude>
    <ClInclude Include="ui\ui_conf.h">
      <Filter>ui</Filter>
    </ClInclude>
    <ClInclude Include="ui\ui_input_box.h">
      <Filter>ui</Filter>
    </ClInclude>
    <ClInclude Include="stats.h">
      <Filter>z_core</Filter>
    </ClInclude>
    <ClInclude Include="heartbeat_window.h">
      <Filter>z_core</Filter>
    </ClInclude>
    <ClInclude Include="js_engine\js_gc.h">
      <Filter>js_engine</Filter>
    </ClInclude>
    <ClInclude Include="utils\string_helpers.h">
      <Filter>utils</Filter>
    </ClInclude>
    <ClInclude Include="com_objects\host_drop_target.h">
      <Filter>com_objects</Filter>
    </ClInclude>
    <ClInclude Include="com_objects\drop_source_impl.h">
      <Filter>com_objects</Filter>
    </ClInclude>
    <ClInclude Include="com_objects\drop_target_impl.h">
      <Filter>com_objects</Filter>
    </ClInclude>
    <ClInclude Include="com_objects\com_tools.h">
      <Filter>com_objects</Filter>
    </ClInclude>
    <ClInclude Include="com_objects\dispatch_ptr.h">
      <Filter>com_objects</Filter>
    </ClInclude>
    <ClInclude Include="ui\ui_html.h">
      <Filter>ui</Filter>
    </ClInclude>
    <ClInclude Include="com_objects\host_external.h">
      <Filter>com_objects</Filter>
    </ClInclude>
    <ClInclude Include="js_utils\js_property_helper.h">
      <Filter>js_utils</Filter>
    </ClInclude>
    <ClInclude Include="smp_exception.h">
      <Filter>z_core</Filter>
    </ClInclude>
    <ClInclude Include="js_objects\fb_playlist_recycler.h">
      <Filter>js_objects</Filter>
    </ClInclude>
    <ClInclude Include="com_objects\internal\drag_utils.h">
      <Filter>com_objects\internal</Filter>
    </ClInclude>
    <ClInclude Include="com_objects\internal\handle.h">
      <Filter>com_objects\internal</Filter>
    </ClInclude>
    <ClInclude Include="com_objects\internal\drag_image.h">
      <Filter>com_objects\internal</Filter>
    </ClInclude>
    <ClInclude Include="utils\scope_helpers.h">
      <Filter>utils</Filter>
    </ClInclude>
    <ClInclude Include="utils\file_helpers.h">
      <Filter>utils</Filter>
    </ClInclude>
    <ClInclude Include="utils\gdi_error_helpers.h">
      <Filter>utils</Filter>
    </ClInclude>
    <ClInclude Include="utils\gdi_helpers.h">
      <Filter>utils</Filter>
    </ClInclude>
    <ClInclude Include="utils\image_helpers.h">
      <Filter>utils</Filter>
    </ClInclude>
    <ClInclude Include="utils\winapi_error_helpers.h">
      <Filter>utils</Filter>
    </ClInclude>
    <ClInclude Include="utils\art_helpers.h">
      <Filter>utils</Filter>
    </ClInclude>
    <ClInclude Include="utils\com_error_helpers.h">
      <Filter>utils</Filter>
    </ClInclude>
    <ClInclude Include="utils\acfu_github.h">
      <Filter>utils</Filter>
    </ClInclude>
    <ClInclude Include="message_manager.h">
      <Filter>z_core</Filter>
    </ClInclude>
    <ClInclude Include="js_utils\js_art_helpers.h">
      <Filter>js_utils</Filter>
    </ClInclude>
    <ClInclude Include="js_utils\js_image_helpers.h">
      <Filter>js_utils</Filter>
    </ClInclude>
    <ClInclude Include="message_blocking_scope.h">
      <Filter>z_core</Filter>
    </ClInclude>
    <ClInclude Include="utils\thread_pool.h">
      <Filter>utils</Filter>
    </ClInclude>
    <ClInclude Include="abort_callback.h">
      <Filter>z_core</Filter>
    </ClInclude>
    <ClInclude Include="com_message_scope.h">
      <Filter>z_core</Filter>
    </ClInclude>
    <ClInclude Include="js_utils\js_async_task.h">
      <Filter>js_utils</Filter>
    </ClInclude>
    <ClInclude Include="component_guids.h">
      <Filter>z_core</Filter>
    </ClInclude>
    <ClInclude Include="utils\semantic_version.h">
      <Filter>utils</Filter>
    </ClInclude>
    <ClInclude Include="utils\menu_helpers.h">
      <Filter>utils</Filter>
    </ClInclude>
    <ClInclude Include="utils\text_helpers.h">
      <Filter>utils</Filter>
    </ClInclude>
    <ClInclude Include="utils\colour_helpers.h">
      <Filter>utils</Filter>
    </ClInclude>
    <ClInclude Include="component_paths.h">
      <Filter>z_core</Filter>
    </ClInclude>
    <ClInclude Include="utils\location_processor.h">
      <Filter>utils</Filter>
    </ClInclude>
    <ClInclude Include="com_objects\com_interface.h">
      <Filter>com_objects</Filter>
    </ClInclude>
    <ClInclude Include="js_engine\js_internal_global.h">
      <Filter>js_engine</Filter>
    </ClInclude>
    <ClInclude Include="drop_action_params.h">
      <Filter>z_core\data structs</Filter>
    </ClInclude>
    <ClInclude Include="panel_info.h">
      <Filter>z_core\data structs</Filter>
    </ClInclude>
    <ClInclude Include="panel_tooltip_param.h">
      <Filter>z_core\data structs</Filter>
    </ClInclude>
    <ClInclude Include="callback_data.h">
      <Filter>z_core\data structs</Filter>
    </ClInclude>
    <ClInclude Include="config_legacy.h">
      <Filter>z_core</Filter>
    </ClInclude>
    <ClInclude Include="js_engine\js_monitor.h">
      <Filter>js_engine</Filter>
    </ClInclude>
    <ClInclude Include="utils\thread_helpers.h">
      <Filter>utils</Filter>
    </ClInclude>
    <ClInclude Include="ui\ui_slow_script.h">
      <Filter>ui</Filter>
    </ClInclude>
    <ClInclude Include="utils\delayed_executor.h">
      <Filter>utils</Filter>
    </ClInclude>
    <ClInclude Include="utils\error_popup.h">
      <Filter>utils</Filter>
    </ClInclude>
    <ClInclude Include="utils\pfc_helpers_stream.h">
      <Filter>utils</Filter>
    </ClInclude>
    <ClInclude Include="utils\pfc_helpers_ui.h">
      <Filter>utils</Filter>
    </ClInclude>
    <ClInclude Include="utils\pfc_helpers_cnt.h">
      <Filter>utils</Filter>
    </ClInclude>
    <ClInclude Include="utils\unicode.h">
      <Filter>utils</Filter>
    </ClInclude>
    <ClInclude Include="utils\hook_handler.h">
      <Filter>utils</Filter>
    </ClInclude>
    <ClInclude Include="ui\scintilla\ui_sci_editor.h">
      <Filter>ui\scintilla</Filter>
    </ClInclude>
    <ClInclude Include="ui\scintilla\ui_sci_find_replace.h">
      <Filter>ui\scintilla</Filter>
    </ClInclude>
    <ClInclude Include="ui\scintilla\wtlscintilla.h">
      <Filter>ui\scintilla</Filter>
    </ClInclude>
    <ClInclude Include="ui\scintilla\sci_prop_sets.h">
      <Filter>ui\scintilla</Filter>
    </ClInclude>
    <ClInclude Include="ui\scintilla\ui_sci_goto.h">
      <Filter>ui\scintilla</Filter>
    </ClInclude>
    <ClInclude Include="utils\stacktrace.h">
      <Filter>utils</Filter>
    </ClInclude>
    <ClInclude Include="utils\relative_filepath_trie.h">
      <Filter>utils</Filter>
    </ClInclude>
    <ClInclude Include="js_engine\js_realm_inner.h">
      <Filter>js_engine</Filter>
    </ClInclude>
    <ClInclude Include="mutex_workaround.h">
      <Filter>z_core</Filter>
    </ClInclude>
  </ItemGroup>
  <ItemGroup>
    <None Include="default.js">
      <Filter>z_core\resources</Filter>
    </None>
    <None Include=".clang-format" />
    <None Include="foo_spider_monkey_panel.rc2">
      <Filter>z_core\resources</Filter>
    </None>
  </ItemGroup>
  <ItemGroup>
    <Filter Include="js_engine">
      <UniqueIdentifier>{82fda107-c970-4ad4-9ad2-b6aae7fddd6d}</UniqueIdentifier>
    </Filter>
    <Filter Include="js_objects">
      <UniqueIdentifier>{9297b4c3-f67b-4bf4-ac59-11c858ffe1ed}</UniqueIdentifier>
    </Filter>
    <Filter Include="js_utils">
      <UniqueIdentifier>{ec53acea-e62f-4dab-a310-6e7ad5b88ff9}</UniqueIdentifier>
    </Filter>
    <Filter Include="js_objects\internal">
      <UniqueIdentifier>{7f83e895-8195-4301-aa89-41a268af1ea6}</UniqueIdentifier>
    </Filter>
    <Filter Include="convert">
      <UniqueIdentifier>{9b140af0-03ed-4c1a-aaae-127af5622eb8}</UniqueIdentifier>
    </Filter>
    <Filter Include="utils">
      <UniqueIdentifier>{047b1a54-ba81-4cee-910d-751ebb3953fe}</UniqueIdentifier>
    </Filter>
    <Filter Include="ui">
      <UniqueIdentifier>{6cdd963f-4f38-4310-b440-f96d5e5d2df5}</UniqueIdentifier>
    </Filter>
    <Filter Include="com_objects">
      <UniqueIdentifier>{613a7600-ce84-49fd-b050-5da2374693d7}</UniqueIdentifier>
    </Filter>
    <Filter Include="com_objects\internal">
      <UniqueIdentifier>{48f476b5-50dc-4578-ac4c-1cfae89d2b42}</UniqueIdentifier>
    </Filter>
    <Filter Include="z_core">
      <UniqueIdentifier>{3b775acd-8e41-4e46-b8ac-2d5ebc0de307}</UniqueIdentifier>
    </Filter>
    <Filter Include="z_core\resources">
      <UniqueIdentifier>{c5622339-902d-4569-9e43-3a9dab7b21a7}</UniqueIdentifier>
    </Filter>
    <Filter Include="z_core\data structs">
      <UniqueIdentifier>{152c5bdd-bddc-41d8-851c-389f61eb1305}</UniqueIdentifier>
    </Filter>
    <Filter Include="ui\scintilla">
      <UniqueIdentifier>{026a4588-b180-4f15-bc70-daedd985c371}</UniqueIdentifier>
    </Filter>
  </ItemGroup>
  <ItemGroup>
    <ResourceCompile Include="foo_spider_monkey_panel.rc">
      <Filter>z_core\resources</Filter>
    </ResourceCompile>
    <ResourceCompile Include="version.rc">
      <Filter>z_core\resources</Filter>
    </ResourceCompile>
  </ItemGroup>
  <ItemGroup>
    <Midl Include="com_objects\com_interface.idl">
      <Filter>com_objects</Filter>
    </Midl>
  </ItemGroup>
</Project>