<?xml version="1.0" encoding="utf-8"?>
<Project ToolsVersion="4.0" xmlns="http://schemas.microsoft.com/developer/msbuild/2003">
  <ItemGroup>
    <ClCompile Include="js_engine\js_engine.cpp">
      <Filter>js_engine</Filter>
    </ClCompile>
    <ClCompile Include="js_objects\gdi_graphics.cpp">
      <Filter>js_objects</Filter>
    </ClCompile>
    <ClCompile Include="js_objects\global_object.cpp">
      <Filter>js_objects</Filter>
    </ClCompile>
    <ClCompile Include="js_objects\console.cpp">
      <Filter>js_objects</Filter>
    </ClCompile>
    <ClCompile Include="js_objects\gdi_utils.cpp">
      <Filter>js_objects</Filter>
    </ClCompile>
    <ClCompile Include="js_objects\gdi_font.cpp">
      <Filter>js_objects</Filter>
    </ClCompile>
    <ClCompile Include="js_objects\gdi_bitmap.cpp">
      <Filter>js_objects</Filter>
    </ClCompile>
    <ClCompile Include="js_objects\gdi_raw_bitmap.cpp">
      <Filter>js_objects</Filter>
    </ClCompile>
    <ClCompile Include="js_utils\gdi_error_helper.cpp">
      <Filter>js_utils</Filter>
    </ClCompile>
    <ClCompile Include="js_utils\js_error_helper.cpp">
      <Filter>js_utils</Filter>
    </ClCompile>
    <ClCompile Include="js_utils\js_object_helper.cpp">
      <Filter>js_utils</Filter>
    </ClCompile>
    <ClCompile Include="js_engine\native_to_js_invoker.cpp">
      <Filter>js_engine</Filter>
    </ClCompile>
    <ClCompile Include="js_engine\js_container.cpp">
      <Filter>js_engine</Filter>
    </ClCompile>
    <ClCompile Include="com_tools.cpp">
      <Filter>uncategorized</Filter>
    </ClCompile>
    <ClCompile Include="config.cpp">
      <Filter>uncategorized</Filter>
    </ClCompile>
    <ClCompile Include="editorctrl.cpp">
      <Filter>uncategorized</Filter>
    </ClCompile>
    <ClCompile Include="foo_spider_monkey_panel.cpp">
      <Filter>uncategorized</Filter>
    </ClCompile>
    <ClCompile Include="helpers.cpp">
      <Filter>uncategorized</Filter>
    </ClCompile>
    <ClCompile Include="host_drop_target.cpp">
      <Filter>uncategorized</Filter>
    </ClCompile>
    <ClCompile Include="host_timer_dispatcher.cpp">
      <Filter>uncategorized</Filter>
    </ClCompile>
    <ClCompile Include="js_panel_window.cpp">
      <Filter>uncategorized</Filter>
    </ClCompile>
    <ClCompile Include="js_panel_window_cui.cpp">
      <Filter>uncategorized</Filter>
    </ClCompile>
    <ClCompile Include="js_panel_window_dui.cpp">
      <Filter>uncategorized</Filter>
    </ClCompile>
    <ClCompile Include="mainmenu.cpp">
      <Filter>uncategorized</Filter>
    </ClCompile>
    <ClCompile Include="panel_manager.cpp">
      <Filter>uncategorized</Filter>
    </ClCompile>
    <ClCompile Include="scintilla_prop_sets.cpp">
      <Filter>uncategorized</Filter>
    </ClCompile>
    <ClCompile Include="script_interface_impl.cpp">
      <Filter>uncategorized</Filter>
    </ClCompile>
    <ClCompile Include="stdafx.cpp">
      <Filter>uncategorized</Filter>
    </ClCompile>
    <ClCompile Include="thread_pool.cpp">
      <Filter>uncategorized</Filter>
    </ClCompile>
    <ClCompile Include="ui_conf.cpp">
      <Filter>uncategorized\ui</Filter>
    </ClCompile>
    <ClCompile Include="ui_find.cpp">
      <Filter>uncategorized\ui</Filter>
    </ClCompile>
    <ClCompile Include="ui_goto.cpp">
      <Filter>uncategorized\ui</Filter>
    </ClCompile>
    <ClCompile Include="ui_name_value_edit.cpp">
      <Filter>uncategorized\ui</Filter>
    </ClCompile>
    <ClCompile Include="ui_pref.cpp">
      <Filter>uncategorized\ui</Filter>
    </ClCompile>
    <ClCompile Include="ui_property.cpp">
      <Filter>uncategorized\ui</Filter>
    </ClCompile>
    <ClCompile Include="ui_replace.cpp">
      <Filter>uncategorized\ui</Filter>
    </ClCompile>
    <ClCompile Include="js_objects\fb_metadb_handle.cpp">
      <Filter>js_objects</Filter>
    </ClCompile>
    <ClCompile Include="js_objects\fb_metadb_handle_list.cpp">
      <Filter>js_objects</Filter>
    </ClCompile>
    <ClCompile Include="js_objects\fb_file_info.cpp">
      <Filter>js_objects</Filter>
    </ClCompile>
    <ClCompile Include="js_objects\context_menu_manager.cpp">
      <Filter>js_objects</Filter>
    </ClCompile>
    <ClCompile Include="js_objects\drop_source_action.cpp">
      <Filter>js_objects</Filter>
    </ClCompile>
    <ClCompile Include="js_objects\fb_playback_queue_item.cpp">
      <Filter>js_objects</Filter>
    </ClCompile>
    <ClCompile Include="js_objects\fb_playing_item_location.cpp">
      <Filter>js_objects</Filter>
    </ClCompile>
    <ClCompile Include="js_objects\menu_object.cpp">
      <Filter>js_objects</Filter>
    </ClCompile>
    <ClCompile Include="js_objects\fb_profiler.cpp">
      <Filter>js_objects</Filter>
    </ClCompile>
    <ClCompile Include="js_objects\fb_playlist_recycler_manager.cpp">
      <Filter>js_objects</Filter>
    </ClCompile>
    <ClCompile Include="js_objects\fb_playlist_manager.cpp">
      <Filter>js_objects</Filter>
    </ClCompile>
    <ClCompile Include="js_objects\main_menu_manager.cpp">
      <Filter>js_objects</Filter>
    </ClCompile>
    <ClCompile Include="js_objects\measure_string_info.cpp">
      <Filter>js_objects</Filter>
    </ClCompile>
    <ClCompile Include="js_objects\fb_ui_selection_holder.cpp">
      <Filter>js_objects</Filter>
    </ClCompile>
    <ClCompile Include="js_objects\fb_tooltip.cpp">
      <Filter>js_objects</Filter>
    </ClCompile>
    <ClCompile Include="js_objects\fb_title_format.cpp">
      <Filter>js_objects</Filter>
    </ClCompile>
    <ClCompile Include="js_objects\theme_manager.cpp">
      <Filter>js_objects</Filter>
    </ClCompile>
    <ClCompile Include="js_utils\winapi_error_helper.cpp">
      <Filter>js_utils</Filter>
    </ClCompile>
    <ClCompile Include="js_objects\utils.cpp">
      <Filter>js_objects</Filter>
    </ClCompile>
    <ClCompile Include="js_utils\art_helper.cpp">
      <Filter>js_utils</Filter>
    </ClCompile>
    <ClCompile Include="js_objects\fb_utils.cpp">
      <Filter>js_objects</Filter>
    </ClCompile>
    <ClCompile Include="js_objects\window.cpp">
      <Filter>js_objects</Filter>
    </ClCompile>
    <ClCompile Include="js_utils\serialized_value.cpp">
      <Filter>js_utils</Filter>
    </ClCompile>
    <ClCompile Include="js_utils\image_helper.cpp">
      <Filter>js_utils</Filter>
    </ClCompile>
    <ClCompile Include="js_utils\string_util.cpp">
      <Filter>js_utils</Filter>
    </ClCompile>
    <ClCompile Include="js_objects\internal\fb_properties.cpp">
      <Filter>js_objects\internal</Filter>
    </ClCompile>
    <ClCompile Include="js_objects\internal\global_heap_manager.cpp">
      <Filter>js_objects\internal</Filter>
    </ClCompile>
    <ClCompile Include="js_engine\js_compartment_inner.cpp">
      <Filter>js_engine</Filter>
    </ClCompile>
    <ClCompile Include="js_objects\active_x_object.cpp">
      <Filter>js_objects</Filter>
    </ClCompile>
    <ClCompile Include="convert\com.cpp">
      <Filter>convert</Filter>
    </ClCompile>
    <ClCompile Include="js_utils\com_error_helper.cpp">
      <Filter>js_utils</Filter>
    </ClCompile>
    <ClCompile Include="convert\native_to_js.cpp">
      <Filter>convert</Filter>
    </ClCompile>
    <ClCompile Include="convert\js_to_native.cpp">
      <Filter>convert</Filter>
    </ClCompile>
    <ClCompile Include="stackblur.cpp">
      <Filter>uncategorized</Filter>
    </ClCompile>
    <ClCompile Include="kmeans.cpp">
      <Filter>uncategorized</Filter>
    </ClCompile>
    <ClCompile Include="js_utils\file_helpers.cpp">
      <Filter>js_utils</Filter>
    </ClCompile>
    <ClCompile Include="js_objects\aero.cpp">
      <Filter>js_objects</Filter>
    </ClCompile>
    <ClCompile Include="js_objects\fb_window.cpp">
      <Filter>js_objects</Filter>
    </ClCompile>
    <ClCompile Include="js_objects\hacks.cpp">
      <Filter>js_objects</Filter>
    </ClCompile>
    <ClCompile Include="js_objects\html_window.cpp">
      <Filter>js_objects</Filter>
    </ClCompile>
    <ClCompile Include="adv_config.cpp">
      <Filter>uncategorized</Filter>
    </ClCompile>
    <ClCompile Include="js_objects\enumerator.cpp">
      <Filter>js_objects</Filter>
    </ClCompile>
  </ItemGroup>
  <ItemGroup>
    <ClInclude Include="js_engine\js_engine.h">
      <Filter>js_engine</Filter>
    </ClInclude>
    <ClInclude Include="js_objects\gdi_graphics.h">
      <Filter>js_objects</Filter>
    </ClInclude>
    <ClInclude Include="js_objects\global_object.h">
      <Filter>js_objects</Filter>
    </ClInclude>
    <ClInclude Include="js_objects\console.h">
      <Filter>js_objects</Filter>
    </ClInclude>
    <ClInclude Include="js_objects\gdi_utils.h">
      <Filter>js_objects</Filter>
    </ClInclude>
    <ClInclude Include="js_objects\gdi_font.h">
      <Filter>js_objects</Filter>
    </ClInclude>
    <ClInclude Include="js_objects\gdi_bitmap.h">
      <Filter>js_objects</Filter>
    </ClInclude>
    <ClInclude Include="js_objects\gdi_raw_bitmap.h">
      <Filter>js_objects</Filter>
    </ClInclude>
    <ClInclude Include="js_utils\gdi_error_helper.h">
      <Filter>js_utils</Filter>
    </ClInclude>
    <ClInclude Include="js_utils\js_error_helper.h">
      <Filter>js_utils</Filter>
    </ClInclude>
    <ClInclude Include="js_utils\js_object_helper.h">
      <Filter>js_utils</Filter>
    </ClInclude>
    <ClInclude Include="js_engine\js_to_native_invoker.h">
      <Filter>js_engine</Filter>
    </ClInclude>
    <ClInclude Include="js_engine\native_to_js_invoker.h">
      <Filter>js_engine</Filter>
    </ClInclude>
    <ClInclude Include="js_engine\js_container.h">
      <Filter>js_engine</Filter>
    </ClInclude>
    <ClInclude Include="com_tools.h">
      <Filter>uncategorized</Filter>
    </ClInclude>
    <ClInclude Include="component_defines.h">
      <Filter>uncategorized</Filter>
    </ClInclude>
    <ClInclude Include="config.h">
      <Filter>uncategorized</Filter>
    </ClInclude>
    <ClInclude Include="drop_source_impl.h">
      <Filter>uncategorized</Filter>
    </ClInclude>
    <ClInclude Include="drop_target_impl.h">
      <Filter>uncategorized</Filter>
    </ClInclude>
    <ClInclude Include="editorctrl.h">
      <Filter>uncategorized</Filter>
    </ClInclude>
    <ClInclude Include="helpers.h">
      <Filter>uncategorized</Filter>
    </ClInclude>
    <ClInclude Include="host_drop_target.h">
      <Filter>uncategorized</Filter>
    </ClInclude>
    <ClInclude Include="host_timer_dispatcher.h">
      <Filter>uncategorized</Filter>
    </ClInclude>
    <ClInclude Include="js_panel_window.h">
      <Filter>uncategorized</Filter>
    </ClInclude>
    <ClInclude Include="js_panel_window_cui.h">
      <Filter>uncategorized</Filter>
    </ClInclude>
    <ClInclude Include="js_panel_window_dui.h">
      <Filter>uncategorized</Filter>
    </ClInclude>
    <ClInclude Include="json.hpp">
      <Filter>uncategorized</Filter>
    </ClInclude>
    <ClInclude Include="kmeans.h">
      <Filter>uncategorized</Filter>
    </ClInclude>
    <ClInclude Include="panel_manager.h">
      <Filter>uncategorized</Filter>
    </ClInclude>
    <ClInclude Include="popup_msg.h">
      <Filter>uncategorized</Filter>
    </ClInclude>
    <ClInclude Include="scintilla_prop_sets.h">
      <Filter>uncategorized</Filter>
    </ClInclude>
    <ClInclude Include="script_interface.h">
      <Filter>uncategorized</Filter>
    </ClInclude>
    <ClInclude Include="script_interface_impl.h">
      <Filter>uncategorized</Filter>
    </ClInclude>
    <ClInclude Include="SString.h">
      <Filter>uncategorized</Filter>
    </ClInclude>
    <ClInclude Include="stackblur.h">
      <Filter>uncategorized</Filter>
    </ClInclude>
    <ClInclude Include="stats.h">
      <Filter>uncategorized</Filter>
    </ClInclude>
    <ClInclude Include="stdafx.h">
      <Filter>uncategorized</Filter>
    </ClInclude>
    <ClInclude Include="thread_pool.h">
      <Filter>uncategorized</Filter>
    </ClInclude>
    <ClInclude Include="user_message.h">
      <Filter>uncategorized</Filter>
    </ClInclude>
    <ClInclude Include="wtlscintilla.h">
      <Filter>uncategorized</Filter>
    </ClInclude>
    <ClInclude Include="ui_conf.h">
      <Filter>uncategorized\ui</Filter>
    </ClInclude>
    <ClInclude Include="ui_find.h">
      <Filter>uncategorized\ui</Filter>
    </ClInclude>
    <ClInclude Include="ui_goto.h">
      <Filter>uncategorized\ui</Filter>
    </ClInclude>
    <ClInclude Include="ui_name_value_edit.h">
      <Filter>uncategorized\ui</Filter>
    </ClInclude>
    <ClInclude Include="ui_pref.h">
      <Filter>uncategorized\ui</Filter>
    </ClInclude>
    <ClInclude Include="ui_property.h">
      <Filter>uncategorized\ui</Filter>
    </ClInclude>
    <ClInclude Include="ui_replace.h">
      <Filter>uncategorized\ui</Filter>
    </ClInclude>
    <ClInclude Include="..\PropertyList\PropertyItem.h">
      <Filter>uncategorized\property_window</Filter>
    </ClInclude>
    <ClInclude Include="..\PropertyList\PropertyItemEditors.h">
      <Filter>uncategorized\property_window</Filter>
    </ClInclude>
    <ClInclude Include="..\PropertyList\PropertyItemImpl.h">
      <Filter>uncategorized\property_window</Filter>
    </ClInclude>
    <ClInclude Include="..\PropertyList\PropertyList.h">
      <Filter>uncategorized\property_window</Filter>
    </ClInclude>
    <ClInclude Include="js_objects\fb_metadb_handle.h">
      <Filter>js_objects</Filter>
    </ClInclude>
    <ClInclude Include="js_objects\fb_metadb_handle_list.h">
      <Filter>js_objects</Filter>
    </ClInclude>
    <ClInclude Include="js_objects\fb_file_info.h">
      <Filter>js_objects</Filter>
    </ClInclude>
    <ClInclude Include="js_objects\menu_object.h">
      <Filter>js_objects</Filter>
    </ClInclude>
    <ClInclude Include="js_objects\theme_manager.h">
      <Filter>js_objects</Filter>
    </ClInclude>
    <ClInclude Include="js_objects\utils.h">
      <Filter>js_objects</Filter>
    </ClInclude>
    <ClInclude Include="js_objects\window.h">
      <Filter>js_objects</Filter>
    </ClInclude>
    <ClInclude Include="js_objects\context_menu_manager.h">
      <Filter>js_objects</Filter>
    </ClInclude>
    <ClInclude Include="js_objects\drop_source_action.h">
      <Filter>js_objects</Filter>
    </ClInclude>
    <ClInclude Include="js_objects\fb_playback_queue_item.h">
      <Filter>js_objects</Filter>
    </ClInclude>
    <ClInclude Include="js_objects\fb_playing_item_location.h">
      <Filter>js_objects</Filter>
    </ClInclude>
    <ClInclude Include="js_objects\fb_playlist_manager.h">
      <Filter>js_objects</Filter>
    </ClInclude>
    <ClInclude Include="js_objects\fb_playlist_recycler_manager.h">
      <Filter>js_objects</Filter>
    </ClInclude>
    <ClInclude Include="js_objects\fb_profiler.h">
      <Filter>js_objects</Filter>
    </ClInclude>
    <ClInclude Include="js_objects\fb_title_format.h">
      <Filter>js_objects</Filter>
    </ClInclude>
    <ClInclude Include="js_objects\fb_tooltip.h">
      <Filter>js_objects</Filter>
    </ClInclude>
    <ClInclude Include="js_objects\fb_ui_selection_holder.h">
      <Filter>js_objects</Filter>
    </ClInclude>
    <ClInclude Include="js_objects\fb_utils.h">
      <Filter>js_objects</Filter>
    </ClInclude>
    <ClInclude Include="js_objects\hacks.h">
      <Filter>js_objects</Filter>
    </ClInclude>
    <ClInclude Include="js_objects\main_menu_manager.h">
      <Filter>js_objects</Filter>
    </ClInclude>
    <ClInclude Include="js_objects\measure_string_info.h">
      <Filter>js_objects</Filter>
    </ClInclude>
    <ClInclude Include="js_utils\winapi_error_helper.h">
      <Filter>js_utils</Filter>
    </ClInclude>
    <ClInclude Include="js_utils\art_helper.h">
      <Filter>js_utils</Filter>
    </ClInclude>
    <ClInclude Include="js_utils\scope_helper.h">
      <Filter>js_utils</Filter>
    </ClInclude>
    <ClInclude Include="panel_tooltip_param.h">
      <Filter>uncategorized</Filter>
    </ClInclude>
    <ClInclude Include="js_utils\serialized_value.h">
      <Filter>js_utils</Filter>
    </ClInclude>
    <ClInclude Include="js_utils\image_helper.h">
      <Filter>js_utils</Filter>
    </ClInclude>
    <ClInclude Include="js_utils\string_util.h">
      <Filter>js_utils</Filter>
    </ClInclude>
    <ClInclude Include="js_objects\object_base.h">
      <Filter>js_objects</Filter>
    </ClInclude>
    <ClInclude Include="js_objects\internal\fb_properties.h">
      <Filter>js_objects\internal</Filter>
    </ClInclude>
    <ClInclude Include="js_objects\internal\global_heap_manager.h">
      <Filter>js_objects\internal</Filter>
    </ClInclude>
    <ClInclude Include="js_utils\js_prototype_helpers.h">
      <Filter>js_utils</Filter>
    </ClInclude>
    <ClInclude Include="js_objects\internal\prototype_ids.h">
      <Filter>js_objects\internal</Filter>
    </ClInclude>
    <ClInclude Include="js_engine\js_compartment_inner.h">
      <Filter>js_engine</Filter>
    </ClInclude>
    <ClInclude Include="js_objects\active_x_object.h">
      <Filter>js_objects</Filter>
    </ClInclude>
    <ClInclude Include="convert\com.h">
      <Filter>convert</Filter>
    </ClInclude>
    <ClInclude Include="js_utils\com_error_helper.h">
      <Filter>js_utils</Filter>
    </ClInclude>
    <ClInclude Include="convert\native_to_js.h">
      <Filter>convert</Filter>
    </ClInclude>
    <ClInclude Include="convert\js_to_native.h">
      <Filter>convert</Filter>
    </ClInclude>
    <ClInclude Include="resource.h">
      <Filter>uncategorized\resources</Filter>
    </ClInclude>
    <ClInclude Include="js_utils\file_helpers.h">
      <Filter>js_utils</Filter>
    </ClInclude>
    <ClInclude Include="drop_action_params.h">
      <Filter>uncategorized</Filter>
    </ClInclude>
    <ClInclude Include="js_objects\fb_window.h">
      <Filter>js_objects</Filter>
    </ClInclude>
    <ClInclude Include="js_objects\aero.h">
      <Filter>js_objects</Filter>
    </ClInclude>
    <ClInclude Include="js_objects\html_window.h">
      <Filter>js_objects</Filter>
    </ClInclude>
    <ClInclude Include="js_utils\dispatch_ptr.h">
      <Filter>js_utils</Filter>
    </ClInclude>
    <ClInclude Include="adv_config.h">
      <Filter>uncategorized</Filter>
    </ClInclude>
    <ClInclude Include="js_objects\enumerator.h">
      <Filter>js_objects</Filter>
    </ClInclude>
    <ClInclude Include="panel_info.h">
      <Filter>uncategorized</Filter>
    </ClInclude>
  </ItemGroup>
  <ItemGroup>
    <None Include=".editorconfig" />
    <None Include="default.js">
      <Filter>uncategorized\resources</Filter>
    </None>
  </ItemGroup>
  <ItemGroup>
    <Filter Include="js_engine">
      <UniqueIdentifier>{82fda107-c970-4ad4-9ad2-b6aae7fddd6d}</UniqueIdentifier>
    </Filter>
    <Filter Include="js_objects">
      <UniqueIdentifier>{9297b4c3-f67b-4bf4-ac59-11c858ffe1ed}</UniqueIdentifier>
    </Filter>
    <Filter Include="js_utils">
      <UniqueIdentifier>{ec53acea-e62f-4dab-a310-6e7ad5b88ff9}</UniqueIdentifier>
    </Filter>
    <Filter Include="uncategorized">
      <UniqueIdentifier>{3b775acd-8e41-4e46-b8ac-2d5ebc0de307}</UniqueIdentifier>
    </Filter>
    <Filter Include="uncategorized\ui">
      <UniqueIdentifier>{6cdd963f-4f38-4310-b440-f96d5e5d2df5}</UniqueIdentifier>
    </Filter>
    <Filter Include="uncategorized\property_window">
      <UniqueIdentifier>{829a0a84-1ed1-49ce-b6f6-3195f2a84050}</UniqueIdentifier>
    </Filter>
    <Filter Include="js_objects\internal">
      <UniqueIdentifier>{7f83e895-8195-4301-aa89-41a268af1ea6}</UniqueIdentifier>
    </Filter>
    <Filter Include="convert">
      <UniqueIdentifier>{9b140af0-03ed-4c1a-aaae-127af5622eb8}</UniqueIdentifier>
    </Filter>
    <Filter Include="uncategorized\resources">
      <UniqueIdentifier>{c5622339-902d-4569-9e43-3a9dab7b21a7}</UniqueIdentifier>
    </Filter>
  </ItemGroup>
  <ItemGroup>
    <Text Include="todo.txt">
      <Filter>uncategorized</Filter>
    </Text>
  </ItemGroup>
  <ItemGroup>
    <ResourceCompile Include="foo_spider_monkey_panel.rc">
      <Filter>uncategorized\resources</Filter>
    </ResourceCompile>
  </ItemGroup>
</Project>