<?xml version="1.0" encoding="utf-8"?>
<Project ToolsVersion="4.0" xmlns="http://schemas.microsoft.com/developer/msbuild/2003">
  <ItemGroup>
    <ClCompile Include="js_engine\js_engine.cpp">
      <Filter>js_engine</Filter>
    </ClCompile>
    <ClCompile Include="js_objects\gdi_graphics.cpp">
      <Filter>js_objects</Filter>
    </ClCompile>
    <ClCompile Include="js_objects\global_object.cpp">
      <Filter>js_objects</Filter>
    </ClCompile>
    <ClCompile Include="js_objects\console.cpp">
      <Filter>js_objects</Filter>
    </ClCompile>
    <ClCompile Include="js_objects\gdi_utils.cpp">
      <Filter>js_objects</Filter>
    </ClCompile>
    <ClCompile Include="js_objects\gdi_font.cpp">
      <Filter>js_objects</Filter>
    </ClCompile>
    <ClCompile Include="js_objects\gdi_bitmap.cpp">
      <Filter>js_objects</Filter>
    </ClCompile>
    <ClCompile Include="js_objects\gdi_raw_bitmap.cpp">
      <Filter>js_objects</Filter>
    </ClCompile>
    <ClCompile Include="js_utils\js_error_helper.cpp">
      <Filter>js_utils</Filter>
    </ClCompile>
    <ClCompile Include="js_utils\js_object_helper.cpp">
      <Filter>js_utils</Filter>
    </ClCompile>
    <ClCompile Include="js_engine\native_to_js_invoker.cpp">
      <Filter>js_engine</Filter>
    </ClCompile>
    <ClCompile Include="js_engine\js_container.cpp">
      <Filter>js_engine</Filter>
    </ClCompile>
    <ClCompile Include="js_objects\fb_metadb_handle.cpp">
      <Filter>js_objects</Filter>
    </ClCompile>
    <ClCompile Include="js_objects\fb_metadb_handle_list.cpp">
      <Filter>js_objects</Filter>
    </ClCompile>
    <ClCompile Include="js_objects\fb_file_info.cpp">
      <Filter>js_objects</Filter>
    </ClCompile>
    <ClCompile Include="js_objects\context_menu_manager.cpp">
      <Filter>js_objects</Filter>
    </ClCompile>
    <ClCompile Include="js_objects\drop_source_action.cpp">
      <Filter>js_objects</Filter>
    </ClCompile>
    <ClCompile Include="js_objects\fb_playback_queue_item.cpp">
      <Filter>js_objects</Filter>
    </ClCompile>
    <ClCompile Include="js_objects\fb_playing_item_location.cpp">
      <Filter>js_objects</Filter>
    </ClCompile>
    <ClCompile Include="js_objects\menu_object.cpp">
      <Filter>js_objects</Filter>
    </ClCompile>
    <ClCompile Include="js_objects\fb_profiler.cpp">
      <Filter>js_objects</Filter>
    </ClCompile>
    <ClCompile Include="js_objects\fb_playlist_manager.cpp">
      <Filter>js_objects</Filter>
    </ClCompile>
    <ClCompile Include="js_objects\main_menu_manager.cpp">
      <Filter>js_objects</Filter>
    </ClCompile>
    <ClCompile Include="js_objects\measure_string_info.cpp">
      <Filter>js_objects</Filter>
    </ClCompile>
    <ClCompile Include="js_objects\fb_ui_selection_holder.cpp">
      <Filter>js_objects</Filter>
    </ClCompile>
    <ClCompile Include="js_objects\fb_tooltip.cpp">
      <Filter>js_objects</Filter>
    </ClCompile>
    <ClCompile Include="js_objects\fb_title_format.cpp">
      <Filter>js_objects</Filter>
    </ClCompile>
    <ClCompile Include="js_objects\theme_manager.cpp">
      <Filter>js_objects</Filter>
    </ClCompile>
    <ClCompile Include="js_objects\utils.cpp">
      <Filter>js_objects</Filter>
    </ClCompile>
    <ClCompile Include="js_objects\fb_utils.cpp">
      <Filter>js_objects</Filter>
    </ClCompile>
    <ClCompile Include="js_objects\window.cpp">
      <Filter>js_objects</Filter>
    </ClCompile>
    <ClCompile Include="js_utils\serialized_value.cpp">
      <Filter>js_utils</Filter>
    </ClCompile>
    <ClCompile Include="js_objects\internal\fb_properties.cpp">
      <Filter>js_objects\internal</Filter>
    </ClCompile>
    <ClCompile Include="js_objects\internal\global_heap_manager.cpp">
      <Filter>js_objects\internal</Filter>
    </ClCompile>
    <ClCompile Include="js_objects\active_x_object.cpp">
      <Filter>js_objects</Filter>
    </ClCompile>
    <ClCompile Include="convert\com.cpp">
      <Filter>convert</Filter>
    </ClCompile>
    <ClCompile Include="convert\native_to_js.cpp">
      <Filter>convert</Filter>
    </ClCompile>
    <ClCompile Include="convert\js_to_native.cpp">
      <Filter>convert</Filter>
    </ClCompile>
    <ClCompile Include="js_objects\fb_window.cpp">
      <Filter>js_objects</Filter>
    </ClCompile>
    <ClCompile Include="js_objects\enumerator.cpp">
      <Filter>js_objects</Filter>
    </ClCompile>
    <ClCompile Include="utils\stackblur.cpp">
      <Filter>utils</Filter>
    </ClCompile>
    <ClCompile Include="utils\kmeans.cpp">
      <Filter>utils</Filter>
    </ClCompile>
    <ClCompile Include="ui\ui_input_box.cpp">
      <Filter>ui</Filter>
    </ClCompile>
    <ClCompile Include="ui\ui_name_value_edit.cpp">
      <Filter>ui</Filter>
    </ClCompile>
    <ClCompile Include="js_engine\js_gc.cpp">
      <Filter>js_engine</Filter>
    </ClCompile>
    <ClCompile Include="com_objects\com_tools.cpp">
      <Filter>com_objects</Filter>
    </ClCompile>
    <ClCompile Include="ui\ui_html.cpp">
      <Filter>ui</Filter>
    </ClCompile>
    <ClCompile Include="js_objects\fb_playlist_recycler.cpp">
      <Filter>js_objects</Filter>
    </ClCompile>
    <ClCompile Include="com_objects\drop_source_impl.cpp">
      <Filter>com_objects</Filter>
    </ClCompile>
    <ClCompile Include="com_objects\drop_target_impl.cpp">
      <Filter>com_objects</Filter>
    </ClCompile>
    <ClCompile Include="com_objects\internal\drag_utils.cpp">
      <Filter>com_objects\internal</Filter>
    </ClCompile>
    <ClCompile Include="com_objects\internal\drag_image.cpp">
      <Filter>com_objects\internal</Filter>
    </ClCompile>
    <ClCompile Include="com_objects\host_external.cpp">
      <Filter>com_objects</Filter>
    </ClCompile>
    <ClCompile Include="utils\gdi_error_helpers.cpp">
      <Filter>utils</Filter>
    </ClCompile>
    <ClCompile Include="utils\gdi_helpers.cpp">
      <Filter>utils</Filter>
    </ClCompile>
    <ClCompile Include="utils\image_helpers.cpp">
      <Filter>utils</Filter>
    </ClCompile>
    <ClCompile Include="utils\art_helpers.cpp">
      <Filter>utils</Filter>
    </ClCompile>
    <ClCompile Include="js_utils\js_art_helpers.cpp">
      <Filter>js_utils</Filter>
    </ClCompile>
    <ClCompile Include="js_utils\js_image_helpers.cpp">
      <Filter>js_utils</Filter>
    </ClCompile>
    <ClCompile Include="utils\menu_helpers.cpp">
      <Filter>utils</Filter>
    </ClCompile>
    <ClCompile Include="utils\text_helpers.cpp">
      <Filter>utils</Filter>
    </ClCompile>
    <ClCompile Include="utils\location_processor.cpp">
      <Filter>utils</Filter>
    </ClCompile>
    <ClCompile Include="js_engine\js_internal_global.cpp">
      <Filter>js_engine</Filter>
    </ClCompile>
    <ClCompile Include="js_engine\js_monitor.cpp">
      <Filter>js_engine</Filter>
    </ClCompile>
    <ClCompile Include="ui\ui_slow_script.cpp">
      <Filter>ui</Filter>
    </ClCompile>
    <ClCompile Include="ui\scintilla\ui_sci_find_replace.cpp">
      <Filter>ui\scintilla</Filter>
    </ClCompile>
    <ClCompile Include="ui\scintilla\sci_prop_sets.cpp">
      <Filter>ui\scintilla</Filter>
    </ClCompile>
    <ClCompile Include="ui\scintilla\ui_sci_editor.cpp">
      <Filter>ui\scintilla</Filter>
    </ClCompile>
    <ClCompile Include="ui\scintilla\ui_sci_goto.cpp">
      <Filter>ui\scintilla</Filter>
    </ClCompile>
    <ClCompile Include="utils\stacktrace.cpp">
      <Filter>utils</Filter>
    </ClCompile>
    <ClCompile Include="js_engine\js_realm_inner.cpp">
      <Filter>js_engine</Filter>
    </ClCompile>
    <ClCompile Include="fb2k\fb2k_callbacks.cpp">
      <Filter>fb2k</Filter>
    </ClCompile>
    <ClCompile Include="fb2k\stats.cpp">
      <Filter>fb2k</Filter>
    </ClCompile>
    <ClCompile Include="fb2k\mainmenu.cpp">
      <Filter>fb2k</Filter>
    </ClCompile>
    <ClCompile Include="panel\modal_blocking_scope.cpp">
      <Filter>panel</Filter>
    </ClCompile>
    <ClCompile Include="panel\js_panel_window.cpp">
      <Filter>panel</Filter>
    </ClCompile>
    <ClCompile Include="panel\js_panel_window_cui.cpp">
      <Filter>panel</Filter>
    </ClCompile>
    <ClCompile Include="panel\js_panel_window_dui.cpp">
      <Filter>panel</Filter>
    </ClCompile>
    <ClCompile Include="fb2k\acfu_integration.cpp">
      <Filter>fb2k</Filter>
    </ClCompile>
    <ClCompile Include="js_engine\heartbeat_window.cpp">
      <Filter>js_engine</Filter>
    </ClCompile>
    <ClCompile Include="utils\js_exception.cpp">
      <Filter>utils</Filter>
    </ClCompile>
    <ClCompile Include="dllmain.cpp" />
    <ClCompile Include="stdafx.cpp" />
    <ClCompile Include="utils\thread_pool_instance.cpp">
      <Filter>utils</Filter>
    </ClCompile>
    <ClCompile Include="fb2k\advanced_config.cpp">
      <Filter>fb2k</Filter>
    </ClCompile>
    <ClCompile Include="config\panel_config.cpp">
      <Filter>config</Filter>
    </ClCompile>
    <ClCompile Include="config\panel_config_binary.cpp">
      <Filter>config</Filter>
    </ClCompile>
    <ClCompile Include="config\panel_config_com.cpp">
      <Filter>config</Filter>
    </ClCompile>
    <ClCompile Include="config\panel_config_json.cpp">
      <Filter>config</Filter>
    </ClCompile>
    <ClCompile Include="config\parsed_panel_config.cpp">
      <Filter>config</Filter>
    </ClCompile>
    <ClCompile Include="ui\ui_editor.cpp">
      <Filter>ui</Filter>
    </ClCompile>
    <ClCompile Include="ui\ui_edit_in_progress.cpp">
      <Filter>ui</Filter>
    </ClCompile>
    <ClCompile Include="utils\edit_text.cpp">
      <Filter>utils</Filter>
    </ClCompile>
    <ClCompile Include="fb2k\config.cpp">
      <Filter>fb2k</Filter>
    </ClCompile>
    <ClCompile Include="ui\scintilla\sci_config.cpp">
      <Filter>ui\scintilla</Filter>
    </ClCompile>
    <ClCompile Include="panel\edit_script.cpp">
      <Filter>panel</Filter>
    </ClCompile>
    <ClCompile Include="utils\zip_utils.cpp">
      <Filter>utils</Filter>
    </ClCompile>
    <ClCompile Include="ui\ui_conf.cpp">
      <Filter>ui</Filter>
    </ClCompile>
    <ClCompile Include="config\package_utils.cpp">
      <Filter>config</Filter>
    </ClCompile>
    <ClCompile Include="ui\ui_package_manager.cpp">
      <Filter>ui</Filter>
    </ClCompile>
    <ClCompile Include="ui\ui_editor_config.cpp">
      <Filter>ui</Filter>
    </ClCompile>
    <ClCompile Include="js_utils\js_hwnd_helpers.cpp">
      <Filter>js_utils</Filter>
    </ClCompile>
    <ClCompile Include="fb2k\selection_holder_helper.cpp">
      <Filter>fb2k</Filter>
    </ClCompile>
    <ClCompile Include="ui\impl\ui_conf_tab_properties.cpp">
      <Filter>ui\impl</Filter>
    </ClCompile>
    <ClCompile Include="ui\impl\ui_conf_tab_script_source.cpp">
      <Filter>ui\impl</Filter>
    </ClCompile>
    <ClCompile Include="ui\impl\ui_conf_tab_appearance.cpp">
      <Filter>ui\impl</Filter>
    </ClCompile>
    <ClCompile Include="ui\impl\ui_conf_tab_package.cpp">
      <Filter>ui\impl</Filter>
    </ClCompile>
    <ClCompile Include="com_objects\track_drop_target.cpp">
      <Filter>com_objects</Filter>
    </ClCompile>
    <ClCompile Include="com_objects\file_drop_target.cpp">
      <Filter>com_objects</Filter>
    </ClCompile>
    <ClCompile Include="component_paths.cpp" />
    <ClCompile Include="js_objects\active_x_object_iterator.cpp">
      <Filter>js_objects</Filter>
    </ClCompile>
    <ClCompile Include="js_objects\fb_metadb_handle_list_iterator.cpp">
      <Filter>js_objects</Filter>
    </ClCompile>
    <ClCompile Include="utils\path_helpers.cpp">
      <Filter>utils</Filter>
    </ClCompile>
    <ClCompile Include="utils\guid_helpers.cpp">
      <Filter>utils</Filter>
    </ClCompile>
    <ClCompile Include="js_objects\hacks.cpp">
      <Filter>js_objects</Filter>
    </ClCompile>
    <ClCompile Include="config\delayed_package_utils.cpp">
      <Filter>config</Filter>
    </ClCompile>
    <ClCompile Include="js_utils\current_script_path_hack.cpp">
      <Filter>js_utils</Filter>
    </ClCompile>
    <ClCompile Include="js_utils\cached_utf8_paths_hack.cpp">
      <Filter>js_utils</Filter>
    </ClCompile>
    <ClCompile Include="utils\md5.cpp">
      <Filter>utils</Filter>
    </ClCompile>
    <ClCompile Include="fb2k\playlist_lock.cpp">
      <Filter>fb2k</Filter>
    </ClCompile>
    <ClCompile Include="fb2k\mainmenu_dynamic.cpp">
      <Filter>fb2k</Filter>
    </ClCompile>
    <ClCompile Include="utils\resource_helpers.cpp">
      <Filter>utils</Filter>
    </ClCompile>
    <ClCompile Include="com_utils\com_destruction_handler.cpp">
      <Filter>com_utils</Filter>
    </ClCompile>
    <ClCompile Include="com_utils\com_error_helpers.cpp">
      <Filter>com_utils</Filter>
    </ClCompile>
    <ClCompile Include="events\event_js_task.cpp">
      <Filter>events</Filter>
    </ClCompile>
    <ClCompile Include="events\event_dispatcher.cpp">
      <Filter>events</Filter>
    </ClCompile>
    <ClCompile Include="events\event_mouse.cpp">
      <Filter>events</Filter>
    </ClCompile>
    <ClCompile Include="events\task_controller.cpp">
      <Filter>events</Filter>
    </ClCompile>
    <ClCompile Include="events\event_basic.cpp">
      <Filter>events</Filter>
    </ClCompile>
    <ClCompile Include="events\event.cpp">
      <Filter>events</Filter>
    </ClCompile>
    <ClCompile Include="events\event_js_executor.cpp">
      <Filter>events</Filter>
    </ClCompile>
    <ClCompile Include="events\event_drag.cpp">
      <Filter>events</Filter>
    </ClCompile>
    <ClCompile Include="events\event_notify_others.cpp">
      <Filter>events</Filter>
    </ClCompile>
    <ClCompile Include="events\event_timer.cpp">
      <Filter>events</Filter>
    </ClCompile>
    <ClCompile Include="timeout\timeout_executor.cpp">
      <Filter>timeout</Filter>
    </ClCompile>
    <ClCompile Include="timeout\timeout_manager.cpp">
      <Filter>timeout</Filter>
    </ClCompile>
    <ClCompile Include="timeout\timer_manager_custom.cpp">
      <Filter>timeout</Filter>
    </ClCompile>
    <ClCompile Include="timeout\timeout.cpp">
      <Filter>timeout</Filter>
    </ClCompile>
    <ClCompile Include="timeout\timer_manager_native.cpp">
      <Filter>timeout</Filter>
    </ClCompile>
    <ClCompile Include="timeout\timer_native.cpp">
      <Filter>timeout</Filter>
    </ClCompile>
    <ClCompile Include="timeout\timer_custom.cpp">
      <Filter>timeout</Filter>
    </ClCompile>
    <ClCompile Include="utils\logging.cpp">
      <Filter>utils</Filter>
    </ClCompile>
    <ClCompile Include="utils\art_loading_options.cpp">
      <Filter>utils</Filter>
    </ClCompile>
  </ItemGroup>
  <ItemGroup>
    <ClInclude Include="js_engine\js_engine.h">
      <Filter>js_engine</Filter>
    </ClInclude>
    <ClInclude Include="js_objects\gdi_graphics.h">
      <Filter>js_objects</Filter>
    </ClInclude>
    <ClInclude Include="js_objects\global_object.h">
      <Filter>js_objects</Filter>
    </ClInclude>
    <ClInclude Include="js_objects\console.h">
      <Filter>js_objects</Filter>
    </ClInclude>
    <ClInclude Include="js_objects\gdi_utils.h">
      <Filter>js_objects</Filter>
    </ClInclude>
    <ClInclude Include="js_objects\gdi_font.h">
      <Filter>js_objects</Filter>
    </ClInclude>
    <ClInclude Include="js_objects\gdi_bitmap.h">
      <Filter>js_objects</Filter>
    </ClInclude>
    <ClInclude Include="js_objects\gdi_raw_bitmap.h">
      <Filter>js_objects</Filter>
    </ClInclude>
    <ClInclude Include="js_utils\js_error_helper.h">
      <Filter>js_utils</Filter>
    </ClInclude>
    <ClInclude Include="js_utils\js_object_helper.h">
      <Filter>js_utils</Filter>
    </ClInclude>
    <ClInclude Include="js_engine\js_to_native_invoker.h">
      <Filter>js_engine</Filter>
    </ClInclude>
    <ClInclude Include="js_engine\native_to_js_invoker.h">
      <Filter>js_engine</Filter>
    </ClInclude>
    <ClInclude Include="js_engine\js_container.h">
      <Filter>js_engine</Filter>
    </ClInclude>
    <ClInclude Include="js_objects\fb_metadb_handle.h">
      <Filter>js_objects</Filter>
    </ClInclude>
    <ClInclude Include="js_objects\fb_metadb_handle_list.h">
      <Filter>js_objects</Filter>
    </ClInclude>
    <ClInclude Include="js_objects\fb_file_info.h">
      <Filter>js_objects</Filter>
    </ClInclude>
    <ClInclude Include="js_objects\menu_object.h">
      <Filter>js_objects</Filter>
    </ClInclude>
    <ClInclude Include="js_objects\theme_manager.h">
      <Filter>js_objects</Filter>
    </ClInclude>
    <ClInclude Include="js_objects\utils.h">
      <Filter>js_objects</Filter>
    </ClInclude>
    <ClInclude Include="js_objects\window.h">
      <Filter>js_objects</Filter>
    </ClInclude>
    <ClInclude Include="js_objects\context_menu_manager.h">
      <Filter>js_objects</Filter>
    </ClInclude>
    <ClInclude Include="js_objects\drop_source_action.h">
      <Filter>js_objects</Filter>
    </ClInclude>
    <ClInclude Include="js_objects\fb_playback_queue_item.h">
      <Filter>js_objects</Filter>
    </ClInclude>
    <ClInclude Include="js_objects\fb_playing_item_location.h">
      <Filter>js_objects</Filter>
    </ClInclude>
    <ClInclude Include="js_objects\fb_playlist_manager.h">
      <Filter>js_objects</Filter>
    </ClInclude>
    <ClInclude Include="js_objects\fb_profiler.h">
      <Filter>js_objects</Filter>
    </ClInclude>
    <ClInclude Include="js_objects\fb_title_format.h">
      <Filter>js_objects</Filter>
    </ClInclude>
    <ClInclude Include="js_objects\fb_tooltip.h">
      <Filter>js_objects</Filter>
    </ClInclude>
    <ClInclude Include="js_objects\fb_ui_selection_holder.h">
      <Filter>js_objects</Filter>
    </ClInclude>
    <ClInclude Include="js_objects\fb_utils.h">
      <Filter>js_objects</Filter>
    </ClInclude>
    <ClInclude Include="js_objects\main_menu_manager.h">
      <Filter>js_objects</Filter>
    </ClInclude>
    <ClInclude Include="js_objects\measure_string_info.h">
      <Filter>js_objects</Filter>
    </ClInclude>
    <ClInclude Include="js_utils\scope_helper.h">
      <Filter>js_utils</Filter>
    </ClInclude>
    <ClInclude Include="js_utils\serialized_value.h">
      <Filter>js_utils</Filter>
    </ClInclude>
    <ClInclude Include="js_objects\object_base.h">
      <Filter>js_objects</Filter>
    </ClInclude>
    <ClInclude Include="js_objects\internal\fb_properties.h">
      <Filter>js_objects\internal</Filter>
    </ClInclude>
    <ClInclude Include="js_objects\internal\global_heap_manager.h">
      <Filter>js_objects\internal</Filter>
    </ClInclude>
    <ClInclude Include="js_utils\js_prototype_helpers.h">
      <Filter>js_utils</Filter>
    </ClInclude>
    <ClInclude Include="js_objects\internal\prototype_ids.h">
      <Filter>js_objects\internal</Filter>
    </ClInclude>
    <ClInclude Include="js_objects\active_x_object.h">
      <Filter>js_objects</Filter>
    </ClInclude>
    <ClInclude Include="convert\com.h">
      <Filter>convert</Filter>
    </ClInclude>
    <ClInclude Include="convert\native_to_js.h">
      <Filter>convert</Filter>
    </ClInclude>
    <ClInclude Include="convert\js_to_native.h">
      <Filter>convert</Filter>
    </ClInclude>
    <ClInclude Include="js_objects\fb_window.h">
      <Filter>js_objects</Filter>
    </ClInclude>
    <ClInclude Include="js_objects\enumerator.h">
      <Filter>js_objects</Filter>
    </ClInclude>
    <ClInclude Include="utils\kmeans.h">
      <Filter>utils</Filter>
    </ClInclude>
    <ClInclude Include="utils\stackblur.h">
      <Filter>utils</Filter>
    </ClInclude>
    <ClInclude Include="ui\ui_name_value_edit.h">
      <Filter>ui</Filter>
    </ClInclude>
    <ClInclude Include="ui\ui_input_box.h">
      <Filter>ui</Filter>
    </ClInclude>
    <ClInclude Include="js_engine\js_gc.h">
      <Filter>js_engine</Filter>
    </ClInclude>
    <ClInclude Include="com_objects\drop_source_impl.h">
      <Filter>com_objects</Filter>
    </ClInclude>
    <ClInclude Include="com_objects\drop_target_impl.h">
      <Filter>com_objects</Filter>
    </ClInclude>
    <ClInclude Include="com_objects\com_tools.h">
      <Filter>com_objects</Filter>
    </ClInclude>
    <ClInclude Include="com_objects\dispatch_ptr.h">
      <Filter>com_objects</Filter>
    </ClInclude>
    <ClInclude Include="ui\ui_html.h">
      <Filter>ui</Filter>
    </ClInclude>
    <ClInclude Include="com_objects\host_external.h">
      <Filter>com_objects</Filter>
    </ClInclude>
    <ClInclude Include="js_utils\js_property_helper.h">
      <Filter>js_utils</Filter>
    </ClInclude>
    <ClInclude Include="js_objects\fb_playlist_recycler.h">
      <Filter>js_objects</Filter>
    </ClInclude>
    <ClInclude Include="com_objects\internal\drag_utils.h">
      <Filter>com_objects\internal</Filter>
    </ClInclude>
    <ClInclude Include="com_objects\internal\handle.h">
      <Filter>com_objects\internal</Filter>
    </ClInclude>
    <ClInclude Include="com_objects\internal\drag_image.h">
      <Filter>com_objects\internal</Filter>
    </ClInclude>
    <ClInclude Include="utils\gdi_error_helpers.h">
      <Filter>utils</Filter>
    </ClInclude>
    <ClInclude Include="utils\gdi_helpers.h">
      <Filter>utils</Filter>
    </ClInclude>
    <ClInclude Include="utils\image_helpers.h">
      <Filter>utils</Filter>
    </ClInclude>
    <ClInclude Include="utils\art_helpers.h">
      <Filter>utils</Filter>
    </ClInclude>
    <ClInclude Include="js_utils\js_art_helpers.h">
      <Filter>js_utils</Filter>
    </ClInclude>
    <ClInclude Include="js_utils\js_image_helpers.h">
      <Filter>js_utils</Filter>
    </ClInclude>
    <ClInclude Include="js_utils\js_async_task.h">
      <Filter>js_utils</Filter>
    </ClInclude>
    <ClInclude Include="utils\menu_helpers.h">
      <Filter>utils</Filter>
    </ClInclude>
    <ClInclude Include="utils\text_helpers.h">
      <Filter>utils</Filter>
    </ClInclude>
    <ClInclude Include="utils\colour_helpers.h">
      <Filter>utils</Filter>
    </ClInclude>
    <ClInclude Include="utils\location_processor.h">
      <Filter>utils</Filter>
    </ClInclude>
    <ClInclude Include="com_objects\com_interface.h">
      <Filter>com_objects</Filter>
    </ClInclude>
    <ClInclude Include="js_engine\js_internal_global.h">
      <Filter>js_engine</Filter>
    </ClInclude>
    <ClInclude Include="js_engine\js_monitor.h">
      <Filter>js_engine</Filter>
    </ClInclude>
    <ClInclude Include="ui\ui_slow_script.h">
      <Filter>ui</Filter>
    </ClInclude>
    <ClInclude Include="ui\scintilla\ui_sci_editor.h">
      <Filter>ui\scintilla</Filter>
    </ClInclude>
    <ClInclude Include="ui\scintilla\ui_sci_find_replace.h">
      <Filter>ui\scintilla</Filter>
    </ClInclude>
    <ClInclude Include="ui\scintilla\wtlscintilla.h">
      <Filter>ui\scintilla</Filter>
    </ClInclude>
    <ClInclude Include="ui\scintilla\sci_prop_sets.h">
      <Filter>ui\scintilla</Filter>
    </ClInclude>
    <ClInclude Include="ui\scintilla\ui_sci_goto.h">
      <Filter>ui\scintilla</Filter>
    </ClInclude>
    <ClInclude Include="utils\stacktrace.h">
      <Filter>utils</Filter>
    </ClInclude>
    <ClInclude Include="utils\relative_filepath_trie.h">
      <Filter>utils</Filter>
    </ClInclude>
    <ClInclude Include="js_engine\js_realm_inner.h">
      <Filter>js_engine</Filter>
    </ClInclude>
    <ClInclude Include="fb2k\stats.h">
      <Filter>fb2k</Filter>
    </ClInclude>
    <ClInclude Include="panel\modal_blocking_scope.h">
      <Filter>panel</Filter>
    </ClInclude>
    <ClInclude Include="panel\user_message.h">
      <Filter>panel</Filter>
    </ClInclude>
    <ClInclude Include="panel\drag_action_params.h">
      <Filter>panel</Filter>
    </ClInclude>
    <ClInclude Include="panel\js_panel_window.h">
      <Filter>panel</Filter>
    </ClInclude>
    <ClInclude Include="panel\js_panel_window_cui.h">
      <Filter>panel</Filter>
    </ClInclude>
    <ClInclude Include="panel\js_panel_window_dui.h">
      <Filter>panel</Filter>
    </ClInclude>
    <ClInclude Include="js_engine\heartbeat_window.h">
      <Filter>js_engine</Filter>
    </ClInclude>
    <ClInclude Include="utils\js_exception.h">
      <Filter>utils</Filter>
    </ClInclude>
    <ClInclude Include="component_guids.h" />
    <ClInclude Include="stdafx.h" />
    <ClInclude Include="utils\make_unique_ptr.h">
      <Filter>utils</Filter>
    </ClInclude>
    <ClInclude Include="utils\thread_pool_instance.h">
      <Filter>utils</Filter>
    </ClInclude>
    <ClInclude Include="fb2k\advanced_config.h">
      <Filter>fb2k</Filter>
    </ClInclude>
    <ClInclude Include="component_defines.h" />
    <ClInclude Include="config\panel_config_com.h">
      <Filter>config</Filter>
    </ClInclude>
    <ClInclude Include="config\panel_config_json.h">
      <Filter>config</Filter>
    </ClInclude>
    <ClInclude Include="config\panel_config_binary.h">
      <Filter>config</Filter>
    </ClInclude>
    <ClInclude Include="config\panel_config.h">
      <Filter>config</Filter>
    </ClInclude>
    <ClInclude Include="config\parsed_panel_config.h">
      <Filter>config</Filter>
    </ClInclude>
    <ClInclude Include="ui\ui_editor.h">
      <Filter>ui</Filter>
    </ClInclude>
    <ClInclude Include="ui\ui_edit_in_progress.h">
      <Filter>ui</Filter>
    </ClInclude>
    <ClInclude Include="utils\edit_text.h">
      <Filter>utils</Filter>
    </ClInclude>
    <ClInclude Include="fb2k\config.h">
      <Filter>fb2k</Filter>
    </ClInclude>
    <ClInclude Include="ui\scintilla\sci_config.h">
      <Filter>ui\scintilla</Filter>
    </ClInclude>
    <ClInclude Include="panel\edit_script.h">
      <Filter>panel</Filter>
    </ClInclude>
    <ClInclude Include="utils\zip_utils.h">
      <Filter>utils</Filter>
    </ClInclude>
    <ClInclude Include="ui\ui_conf.h">
      <Filter>ui</Filter>
    </ClInclude>
    <ClInclude Include="config\package_utils.h">
      <Filter>config</Filter>
    </ClInclude>
    <ClInclude Include="ui\ui_package_manager.h">
      <Filter>ui</Filter>
    </ClInclude>
    <ClInclude Include="ui\ui_editor_config.h">
      <Filter>ui</Filter>
    </ClInclude>
    <ClInclude Include="js_utils\js_hwnd_helpers.h">
      <Filter>js_utils</Filter>
    </ClInclude>
    <ClInclude Include="fb2k\selection_holder_helper.h">
      <Filter>fb2k</Filter>
    </ClInclude>
    <ClInclude Include="resources\resource.h">
      <Filter>resources</Filter>
    </ClInclude>
    <ClInclude Include="ui\impl\ui_conf_tab_properties.h">
      <Filter>ui\impl</Filter>
    </ClInclude>
    <ClInclude Include="ui\impl\ui_conf_tab_script_source.h">
      <Filter>ui\impl</Filter>
    </ClInclude>
    <ClInclude Include="ui\impl\ui_itab.h">
      <Filter>ui\impl</Filter>
    </ClInclude>
    <ClInclude Include="ui\impl\ui_conf_tab_appearance.h">
      <Filter>ui\impl</Filter>
    </ClInclude>
    <ClInclude Include="ui\impl\ui_conf_tab_package.h">
      <Filter>ui\impl</Filter>
    </ClInclude>
    <ClInclude Include="com_objects\file_drop_target.h">
      <Filter>com_objects</Filter>
    </ClInclude>
    <ClInclude Include="com_objects\track_drop_target.h">
      <Filter>com_objects</Filter>
    </ClInclude>
    <ClInclude Include="component_paths.h" />
    <ClInclude Include="js_objects\active_x_object_iterator.h">
      <Filter>js_objects</Filter>
    </ClInclude>
    <ClInclude Include="js_utils\js_heap_helper.h">
      <Filter>js_utils</Filter>
    </ClInclude>
    <ClInclude Include="js_objects\fb_metadb_handle_list_iterator.h">
      <Filter>js_objects</Filter>
    </ClInclude>
    <ClInclude Include="utils\path_helpers.h">
      <Filter>utils</Filter>
    </ClInclude>
    <ClInclude Include="utils\guid_helpers.h">
      <Filter>utils</Filter>
    </ClInclude>
    <ClInclude Include="js_objects\hacks.h">
      <Filter>js_objects</Filter>
    </ClInclude>
    <ClInclude Include="config\delayed_package_utils.h">
      <Filter>config</Filter>
    </ClInclude>
    <ClInclude Include="js_utils\current_script_path_hack.h">
      <Filter>js_utils</Filter>
    </ClInclude>
    <ClInclude Include="js_utils\cached_utf8_paths_hack.h">
      <Filter>js_utils</Filter>
    </ClInclude>
    <ClInclude Include="utils\md5.h">
      <Filter>utils</Filter>
    </ClInclude>
    <ClInclude Include="fb2k\playlist_lock.h">
      <Filter>fb2k</Filter>
    </ClInclude>
    <ClInclude Include="fb2k\mainmenu_dynamic.h">
      <Filter>fb2k</Filter>
    </ClInclude>
    <ClInclude Include="utils\resource_helpers.h">
      <Filter>utils</Filter>
    </ClInclude>
    <ClInclude Include="com_utils\com_destruction_handler.h">
      <Filter>com_utils</Filter>
    </ClInclude>
    <ClInclude Include="com_utils\com_error_helpers.h">
      <Filter>com_utils</Filter>
    </ClInclude>
    <ClInclude Include="events\event_js_task.h">
      <Filter>events</Filter>
    </ClInclude>
    <ClInclude Include="events\event_dispatcher.h">
      <Filter>events</Filter>
    </ClInclude>
    <ClInclude Include="events\event_mouse.h">
      <Filter>events</Filter>
    </ClInclude>
    <ClInclude Include="events\event_js_executor.h">
      <Filter>events</Filter>
    </ClInclude>
    <ClInclude Include="events\task_controller.h">
      <Filter>events</Filter>
    </ClInclude>
    <ClInclude Include="events\event.h">
      <Filter>events</Filter>
    </ClInclude>
    <ClInclude Include="events\event_js_callback.h">
      <Filter>events</Filter>
    </ClInclude>
    <ClInclude Include="events\event_basic.h">
      <Filter>events</Filter>
    </ClInclude>
    <ClInclude Include="events\event_drag.h">
      <Filter>events</Filter>
    </ClInclude>
    <ClInclude Include="events\event_notify_others.h">
      <Filter>events</Filter>
    </ClInclude>
    <ClInclude Include="events\event_timer.h">
      <Filter>events</Filter>
    </ClInclude>
    <ClInclude Include="timeout\timeout_executor.h">
      <Filter>timeout</Filter>
    </ClInclude>
    <ClInclude Include="timeout\timeout_manager.h">
      <Filter>timeout</Filter>
    </ClInclude>
    <ClInclude Include="timeout\timer_manager_custom.h">
      <Filter>timeout</Filter>
    </ClInclude>
    <ClInclude Include="timeout\time_types.h">
      <Filter>timeout</Filter>
    </ClInclude>
    <ClInclude Include="timeout\timeout.h">
      <Filter>timeout</Filter>
    </ClInclude>
    <ClInclude Include="timeout\timer_manager_native.h">
      <Filter>timeout</Filter>
    </ClInclude>
    <ClInclude Include="timeout\timer_native.h">
      <Filter>timeout</Filter>
    </ClInclude>
    <ClInclude Include="timeout\timer_interface.h">
      <Filter>timeout</Filter>
    </ClInclude>
    <ClInclude Include="timeout\timer_interface_fwd.h">
      <Filter>timeout</Filter>
    </ClInclude>
    <ClInclude Include="timeout\timer_custom.h">
      <Filter>timeout</Filter>
    </ClInclude>
    <ClInclude Include="utils\logging.h">
      <Filter>utils</Filter>
    </ClInclude>
    <ClInclude Include="utils\art_loading_options.h">
      <Filter>utils</Filter>
    </ClInclude>
    <ClInclude Include="utils\fmt_pfc_adaptor.h">
      <Filter>utils</Filter>
    </ClInclude>
  </ItemGroup>
  <ItemGroup>
    <None Include="packages.config" />
    <None Include="resources\foo_spider_monkey_panel.rc2">
      <Filter>resources</Filter>
    </None>
    <None Include="resources\default_script.js">
      <Filter>resources</Filter>
    </None>
    <None Include="resources\scintilla_interface.api">
      <Filter>resources</Filter>
    </None>
    <None Include="resources\scintilla_jscript.api">
      <Filter>resources</Filter>
    </None>
    <None Include="resources\recovery_package_script.js">
      <Filter>resources</Filter>
    </None>
    <None Include="resources\recovery_package_json.json">
      <Filter>resources</Filter>
    </None>
  </ItemGroup>
  <ItemGroup>
    <Filter Include="js_engine">
      <UniqueIdentifier>{82fda107-c970-4ad4-9ad2-b6aae7fddd6d}</UniqueIdentifier>
    </Filter>
    <Filter Include="js_objects">
      <UniqueIdentifier>{9297b4c3-f67b-4bf4-ac59-11c858ffe1ed}</UniqueIdentifier>
    </Filter>
    <Filter Include="js_utils">
      <UniqueIdentifier>{ec53acea-e62f-4dab-a310-6e7ad5b88ff9}</UniqueIdentifier>
    </Filter>
    <Filter Include="js_objects\internal">
      <UniqueIdentifier>{7f83e895-8195-4301-aa89-41a268af1ea6}</UniqueIdentifier>
    </Filter>
    <Filter Include="convert">
      <UniqueIdentifier>{9b140af0-03ed-4c1a-aaae-127af5622eb8}</UniqueIdentifier>
    </Filter>
    <Filter Include="utils">
      <UniqueIdentifier>{047b1a54-ba81-4cee-910d-751ebb3953fe}</UniqueIdentifier>
    </Filter>
    <Filter Include="ui">
      <UniqueIdentifier>{6cdd963f-4f38-4310-b440-f96d5e5d2df5}</UniqueIdentifier>
    </Filter>
    <Filter Include="com_objects">
      <UniqueIdentifier>{613a7600-ce84-49fd-b050-5da2374693d7}</UniqueIdentifier>
    </Filter>
    <Filter Include="com_objects\internal">
      <UniqueIdentifier>{48f476b5-50dc-4578-ac4c-1cfae89d2b42}</UniqueIdentifier>
    </Filter>
    <Filter Include="ui\scintilla">
      <UniqueIdentifier>{026a4588-b180-4f15-bc70-daedd985c371}</UniqueIdentifier>
    </Filter>
    <Filter Include="panel">
      <UniqueIdentifier>{2f9c6262-875a-41df-aa19-160e57b518a8}</UniqueIdentifier>
    </Filter>
    <Filter Include="fb2k">
      <UniqueIdentifier>{ac5224df-edd3-4867-9751-947b7d18cf80}</UniqueIdentifier>
    </Filter>
    <Filter Include="resources">
      <UniqueIdentifier>{c5622339-902d-4569-9e43-3a9dab7b21a7}</UniqueIdentifier>
    </Filter>
    <Filter Include="config">
      <UniqueIdentifier>{3a9d2773-53cc-42cc-8c4d-b8e23af110e5}</UniqueIdentifier>
    </Filter>
    <Filter Include="ui\impl">
      <UniqueIdentifier>{6470c9be-1e65-41eb-8ed9-74e95928e341}</UniqueIdentifier>
    </Filter>
    <Filter Include="com_utils">
      <UniqueIdentifier>{b23d43d7-b904-4566-bbbe-2d2b677efb7d}</UniqueIdentifier>
    </Filter>
    <Filter Include="events">
      <UniqueIdentifier>{909a5207-b341-4a10-847c-d77a4165b51a}</UniqueIdentifier>
    </Filter>
    <Filter Include="timeout">
      <UniqueIdentifier>{19b3e8c9-9302-44fe-8178-88312a4df487}</UniqueIdentifier>
    </Filter>
  </ItemGroup>
  <ItemGroup>
    <Midl Include="com_objects\com_interface.idl">
      <Filter>com_objects</Filter>
    </Midl>
  </ItemGroup>
  <ItemGroup>
    <ResourceCompile Include="resources\version.rc">
      <Filter>resources</Filter>
    </ResourceCompile>
    <ResourceCompile Include="resources\foo_spider_monkey_panel.rc">
      <Filter>resources</Filter>
    </ResourceCompile>
  </ItemGroup>
</Project>