<?xml version="1.0" encoding="utf-8"?>
<Project ToolsVersion="4.0" xmlns="http://schemas.microsoft.com/developer/msbuild/2003">
  <ItemGroup>
    <Filter Include="Source Files">
      <UniqueIdentifier>{4FC737F1-C7A5-4376-A066-2A32D752A2FF}</UniqueIdentifier>
      <Extensions>cpp;c;cc;cxx;def;odl;idl;hpj;bat;asm;asmx</Extensions>
    </Filter>
    <Filter Include="Source Files\UI">
      <UniqueIdentifier>{2974a1cf-1652-4705-95bb-9e69405dfec6}</UniqueIdentifier>
    </Filter>
    <Filter Include="Source Files\Misc">
      <UniqueIdentifier>{25d3619e-719a-46fe-a3ed-f10a813eb20e}</UniqueIdentifier>
    </Filter>
    <Filter Include="Source Files\Scintilla">
      <UniqueIdentifier>{705f071d-0e12-4ae4-a70a-99e9fedc3d10}</UniqueIdentifier>
    </Filter>
    <Filter Include="Header Files">
      <UniqueIdentifier>{93995380-89BD-4b04-88EB-625FBE52EBFB}</UniqueIdentifier>
      <Extensions>h;hpp;hxx;hm;inl;inc;xsd</Extensions>
    </Filter>
    <Filter Include="Header Files\PropertyList">
      <UniqueIdentifier>{7c4b1259-195a-40df-b8e3-be0f7da15111}</UniqueIdentifier>
    </Filter>
    <Filter Include="Header Files\UI">
      <UniqueIdentifier>{bf006e7d-6138-477c-8a35-67c6d86e3248}</UniqueIdentifier>
    </Filter>
    <Filter Include="Header Files\Scintilla">
      <UniqueIdentifier>{c08fbb7d-1444-4a04-860d-8afedf406c9d}</UniqueIdentifier>
    </Filter>
    <Filter Include="Header Files\Misc">
      <UniqueIdentifier>{91bef641-5dfa-49e6-8bac-e361588f9181}</UniqueIdentifier>
    </Filter>
    <Filter Include="Resource Files">
      <UniqueIdentifier>{67DA6AB6-F800-4c08-8B7A-83BB121AAD01}</UniqueIdentifier>
      <Extensions>rc;ico;cur;bmp;dlg;rc2;rct;bin;rgs;gif;jpg;jpeg;jpe;resx;tiff;tif;png;wav</Extensions>
    </Filter>
  </ItemGroup>
  <ItemGroup>
    <ClCompile Include="config.cpp">
      <Filter>Source Files</Filter>
    </ClCompile>
    <ClCompile Include="foo_uie_wsh_panel_mod.cpp">
      <Filter>Source Files</Filter>
    </ClCompile>
    <ClCompile Include="global_cfg.cpp">
      <Filter>Source Files</Filter>
    </ClCompile>
    <ClCompile Include="host.cpp">
      <Filter>Source Files</Filter>
    </ClCompile>
    <ClCompile Include="script_interface_impl.cpp">
      <Filter>Source Files</Filter>
    </ClCompile>
    <ClCompile Include="script_preprocessor.cpp">
      <Filter>Source Files</Filter>
    </ClCompile>
    <ClCompile Include="stdafx.cpp">
      <Filter>Source Files</Filter>
    </ClCompile>
    <ClCompile Include="ui_conf.cpp">
      <Filter>Source Files\UI</Filter>
    </ClCompile>
    <ClCompile Include="ui_find.cpp">
      <Filter>Source Files\UI</Filter>
    </ClCompile>
    <ClCompile Include="ui_goto.cpp">
      <Filter>Source Files\UI</Filter>
    </ClCompile>
    <ClCompile Include="ui_name_value_edit.cpp">
      <Filter>Source Files\UI</Filter>
    </ClCompile>
    <ClCompile Include="ui_pref.cpp">
      <Filter>Source Files\UI</Filter>
    </ClCompile>
    <ClCompile Include="ui_property.cpp">
      <Filter>Source Files\UI</Filter>
    </ClCompile>
    <ClCompile Include="ui_replace.cpp">
      <Filter>Source Files\UI</Filter>
    </ClCompile>
    <ClCompile Include="boxblurfilter.cpp">
      <Filter>Source Files\Misc</Filter>
    </ClCompile>
    <ClCompile Include="com_array.cpp">
      <Filter>Source Files\Misc</Filter>
    </ClCompile>
    <ClCompile Include="helpers.cpp">
      <Filter>Source Files\Misc</Filter>
    </ClCompile>
    <ClCompile Include="editorctrl.cpp">
      <Filter>Source Files\Scintilla</Filter>
    </ClCompile>
    <ClCompile Include="scintilla_prop_sets.cpp">
      <Filter>Source Files\Scintilla</Filter>
    </ClCompile>
    <ClCompile Include="version.cpp">
      <Filter>Source Files</Filter>
    </ClCompile>
    <ClCompile Include="thread_pool.cpp">
      <Filter>Source Files</Filter>
    </ClCompile>
    <ClCompile Include="script_interface_playlist_impl.cpp">
      <Filter>Source Files</Filter>
    </ClCompile>
    <ClCompile Include="script_interface_tooltip_impl.cpp">
      <Filter>Source Files</Filter>
    </ClCompile>
    <ClCompile Include="panel_manager.cpp">
      <Filter>Source Files</Filter>
    </ClCompile>
    <ClCompile Include="host_droptarget.cpp">
      <Filter>Source Files</Filter>
    </ClCompile>
    <ClCompile Include="script_interface_datatransfer_impl.cpp">
      <Filter>Source Files</Filter>
    </ClCompile>
    <ClCompile Include="script_interface_dragsource_impl.cpp">
      <Filter>Source Files</Filter>
    </ClCompile>
    <ClCompile Include="wsh_panel_window.cpp">
      <Filter>Source Files</Filter>
    </ClCompile>
    <ClCompile Include="wsh_panel_window_cui.cpp">
      <Filter>Source Files</Filter>
    </ClCompile>
    <ClCompile Include="wsh_panel_window_dui.cpp">
      <Filter>Source Files</Filter>
    </ClCompile>
    <ClCompile Include="host_timer_dispatcher.cpp">
      <Filter>Source Files</Filter>
    </ClCompile>
    <ClCompile Include="script_callback_invoker.cpp">
      <Filter>Source Files</Filter>
    </ClCompile>
    <ClCompile Include="com_tools.cpp">
      <Filter>Source Files</Filter>
    </ClCompile>
    <ClCompile Include="gdiplus_helpers.cpp">
      <Filter>Source Files\Misc</Filter>
    </ClCompile>
  </ItemGroup>
  <ItemGroup>
    <ClInclude Include="config.h">
      <Filter>Header Files</Filter>
    </ClInclude>
    <ClInclude Include="dbgtrace.h">
      <Filter>Header Files</Filter>
    </ClInclude>
    <ClInclude Include="global_cfg.h">
      <Filter>Header Files</Filter>
    </ClInclude>
    <ClInclude Include="host.h">
      <Filter>Header Files</Filter>
    </ClInclude>
    <ClInclude Include="resource.h">
      <Filter>Header Files</Filter>
    </ClInclude>
    <ClInclude Include="script_interface.h">
      <Filter>Header Files</Filter>
    </ClInclude>
    <ClInclude Include="script_interface_impl.h">
      <Filter>Header Files</Filter>
    </ClInclude>
    <ClInclude Include="script_preprocessor.h">
      <Filter>Header Files</Filter>
    </ClInclude>
    <ClInclude Include="stdafx.h">
      <Filter>Header Files</Filter>
    </ClInclude>
    <ClInclude Include="user_message.h">
      <Filter>Header Files</Filter>
    </ClInclude>
    <ClInclude Include="PropertyItem.h">
      <Filter>Header Files\PropertyList</Filter>
    </ClInclude>
    <ClInclude Include="PropertyItemEditors.h">
      <Filter>Header Files\PropertyList</Filter>
    </ClInclude>
    <ClInclude Include="PropertyItemImpl.h">
      <Filter>Header Files\PropertyList</Filter>
    </ClInclude>
    <ClInclude Include="PropertyList.h">
      <Filter>Header Files\PropertyList</Filter>
    </ClInclude>
    <ClInclude Include="ui_conf.h">
      <Filter>Header Files\UI</Filter>
    </ClInclude>
    <ClInclude Include="ui_find.h">
      <Filter>Header Files\UI</Filter>
    </ClInclude>
    <ClInclude Include="ui_goto.h">
      <Filter>Header Files\UI</Filter>
    </ClInclude>
    <ClInclude Include="ui_name_value_edit.h">
      <Filter>Header Files\UI</Filter>
    </ClInclude>
    <ClInclude Include="ui_pref.h">
      <Filter>Header Files\UI</Filter>
    </ClInclude>
    <ClInclude Include="ui_property.h">
      <Filter>Header Files\UI</Filter>
    </ClInclude>
    <ClInclude Include="ui_replace.h">
      <Filter>Header Files\UI</Filter>
    </ClInclude>
    <ClInclude Include="editorctrl.h">
      <Filter>Header Files\Scintilla</Filter>
    </ClInclude>
    <ClInclude Include="scintilla_prop_sets.h">
      <Filter>Header Files\Scintilla</Filter>
    </ClInclude>
    <ClInclude Include="wtlscintilla.h">
      <Filter>Header Files\Scintilla</Filter>
    </ClInclude>
    <ClInclude Include="boxblurfilter.h">
      <Filter>Header Files\Misc</Filter>
    </ClInclude>
    <ClInclude Include="com_array.h">
      <Filter>Header Files\Misc</Filter>
    </ClInclude>
    <ClInclude Include="helpers.h">
      <Filter>Header Files\Misc</Filter>
    </ClInclude>
    <ClInclude Include="popup_msg.h">
      <Filter>Header Files\Misc</Filter>
    </ClInclude>
    <ClInclude Include="SString.h">
      <Filter>Header Files</Filter>
    </ClInclude>
    <ClInclude Include="com_tools.h">
      <Filter>Header Files</Filter>
    </ClInclude>
    <ClInclude Include="delay_loader.h">
      <Filter>Header Files\Misc</Filter>
    </ClInclude>
    <ClInclude Include="thread_pool.h">
      <Filter>Header Files</Filter>
    </ClInclude>
    <ClInclude Include="component_defines.h">
      <Filter>Header Files</Filter>
    </ClInclude>
    <ClInclude Include="script_interface_playlist.h">
      <Filter>Header Files</Filter>
    </ClInclude>
    <ClInclude Include="script_interface_playlist_impl.h">
      <Filter>Header Files</Filter>
    </ClInclude>
    <ClInclude Include="script_interface_tooltip.h">
      <Filter>Header Files</Filter>
    </ClInclude>
    <ClInclude Include="script_interface_tooltip_impl.h">
      <Filter>Header Files</Filter>
    </ClInclude>
    <ClInclude Include="panel_manager.h">
      <Filter>Header Files</Filter>
    </ClInclude>
    <ClInclude Include="host_droptarget.h">
      <Filter>Header Files</Filter>
    </ClInclude>
    <ClInclude Include="IDropTargetImpl.h">
      <Filter>Header Files</Filter>
    </ClInclude>
    <ClInclude Include="IDropSourceImpl.h">
      <Filter>Header Files</Filter>
    </ClInclude>
    <ClInclude Include="script_interface_datatransfer.h">
      <Filter>Header Files</Filter>
    </ClInclude>
    <ClInclude Include="script_interface_datatransfer_impl.h">
      <Filter>Header Files</Filter>
    </ClInclude>
    <ClInclude Include="script_interface_dragsource.h">
      <Filter>Header Files</Filter>
    </ClInclude>
    <ClInclude Include="script_interface_dragsource_impl.h">
      <Filter>Header Files</Filter>
    </ClInclude>
    <ClInclude Include="obsolete.h">
      <Filter>Header Files</Filter>
    </ClInclude>
    <ClInclude Include="wsh_panel_window_dui.h">
      <Filter>Header Files</Filter>
    </ClInclude>
    <ClInclude Include="wsh_panel_window_cui.h">
      <Filter>Header Files</Filter>
    </ClInclude>
    <ClInclude Include="wsh_panel_window.h">
      <Filter>Header Files</Filter>
    </ClInclude>
    <ClInclude Include="host_timer_dispatcher.h">
      <Filter>Header Files</Filter>
    </ClInclude>
    <ClInclude Include="script_callback_invoker.h">
      <Filter>Header Files</Filter>
    </ClInclude>
    <ClInclude Include="gdiplus_helpers.h">
      <Filter>Header Files\Misc</Filter>
    </ClInclude>
    <ClInclude Include="panel_tooltip_param.h">
      <Filter>Header Files</Filter>
    </ClInclude>
  </ItemGroup>
  <ItemGroup>
    <None Include="res\default.js">
      <Filter>Resource Files</Filter>
    </None>
  </ItemGroup>
  <ItemGroup>
    <ResourceCompile Include="res\resource.rc">
      <Filter>Resource Files</Filter>
    </ResourceCompile>
  </ItemGroup>
  <ItemGroup>
    <CustomBuild Include="version.h">
      <Filter>Header Files</Filter>
    </CustomBuild>
  </ItemGroup>
</Project>